// !$*UTF8*$!
{
	archiveVersion = 1;
	classes = {
	};
	objectVersion = 46;
	objects = {

/* Begin PBXBuildFile section */
		90AB58D51392C982002F55A5 /* UIKit.framework in Frameworks */ = {isa = PBXBuildFile; fileRef = 90AB58D41392C982002F55A5 /* UIKit.framework */; };
		90AB58D71392C982002F55A5 /* Foundation.framework in Frameworks */ = {isa = PBXBuildFile; fileRef = 90AB58D61392C982002F55A5 /* Foundation.framework */; };
		90AB58D91392C982002F55A5 /* CoreGraphics.framework in Frameworks */ = {isa = PBXBuildFile; fileRef = 90AB58D81392C982002F55A5 /* CoreGraphics.framework */; };
		90AB58DF1392C982002F55A5 /* InfoPlist.strings in Resources */ = {isa = PBXBuildFile; fileRef = 90AB58DD1392C982002F55A5 /* InfoPlist.strings */; };
		90AB58E21392C982002F55A5 /* main.m in Sources */ = {isa = PBXBuildFile; fileRef = 90AB58E11392C982002F55A5 /* main.m */; };
		90AB58E51392C982002F55A5 /* MoveAppDelegate.m in Sources */ = {isa = PBXBuildFile; fileRef = 90AB58E41392C982002F55A5 /* MoveAppDelegate.m */; };
		90AB58E81392C983002F55A5 /* MainWindow.xib in Resources */ = {isa = PBXBuildFile; fileRef = 90AB58E61392C983002F55A5 /* MainWindow.xib */; };
		90AB58EB1392C983002F55A5 /* MoveViewController.m in Sources */ = {isa = PBXBuildFile; fileRef = 90AB58EA1392C983002F55A5 /* MoveViewController.m */; };
		90AB58EE1392C983002F55A5 /* MoveViewController.xib in Resources */ = {isa = PBXBuildFile; fileRef = 90AB58EC1392C983002F55A5 /* MoveViewController.xib */; };
		BE3E90B91B943BCD00C6343E /* Images.xcassets in Resources */ = {isa = PBXBuildFile; fileRef = BE3E90B81B943BCD00C6343E /* Images.xcassets */; };
/* End PBXBuildFile section */

/* Begin PBXFileReference section */
		90AB58D01392C982002F55A5 /* Move.app */ = {isa = PBXFileReference; explicitFileType = wrapper.application; includeInIndex = 0; path = Move.app; sourceTree = BUILT_PRODUCTS_DIR; };
		90AB58D41392C982002F55A5 /* UIKit.framework */ = {isa = PBXFileReference; lastKnownFileType = wrapper.framework; name = UIKit.framework; path = System/Library/Frameworks/UIKit.framework; sourceTree = SDKROOT; };
		90AB58D61392C982002F55A5 /* Foundation.framework */ = {isa = PBXFileReference; lastKnownFileType = wrapper.framework; name = Foundation.framework; path = System/Library/Frameworks/Foundation.framework; sourceTree = SDKROOT; };
		90AB58D81392C982002F55A5 /* CoreGraphics.framework */ = {isa = PBXFileReference; lastKnownFileType = wrapper.framework; name = CoreGraphics.framework; path = System/Library/Frameworks/CoreGraphics.framework; sourceTree = SDKROOT; };
		90AB58DC1392C982002F55A5 /* Move-Info.plist */ = {isa = PBXFileReference; lastKnownFileType = text.plist.xml; path = "Move-Info.plist"; sourceTree = "<group>"; };
		90AB58DE1392C982002F55A5 /* en */ = {isa = PBXFileReference; lastKnownFileType = text.plist.strings; name = en; path = en.lproj/InfoPlist.strings; sourceTree = "<group>"; };
		90AB58E01392C982002F55A5 /* Move-Prefix.pch */ = {isa = PBXFileReference; lastKnownFileType = sourcecode.c.h; path = "Move-Prefix.pch"; sourceTree = "<group>"; };
		90AB58E11392C982002F55A5 /* main.m */ = {isa = PBXFileReference; lastKnownFileType = sourcecode.c.objc; path = main.m; sourceTree = "<group>"; };
		90AB58E31392C982002F55A5 /* MoveAppDelegate.h */ = {isa = PBXFileReference; lastKnownFileType = sourcecode.c.h; path = MoveAppDelegate.h; sourceTree = "<group>"; };
		90AB58E41392C982002F55A5 /* MoveAppDelegate.m */ = {isa = PBXFileReference; lastKnownFileType = sourcecode.c.objc; path = MoveAppDelegate.m; sourceTree = "<group>"; };
		90AB58E71392C983002F55A5 /* en */ = {isa = PBXFileReference; lastKnownFileType = file.xib; name = en; path = en.lproj/MainWindow.xib; sourceTree = "<group>"; };
		90AB58E91392C983002F55A5 /* MoveViewController.h */ = {isa = PBXFileReference; lastKnownFileType = sourcecode.c.h; path = MoveViewController.h; sourceTree = "<group>"; };
		90AB58EA1392C983002F55A5 /* MoveViewController.m */ = {isa = PBXFileReference; lastKnownFileType = sourcecode.c.objc; path = MoveViewController.m; sourceTree = "<group>"; };
		90AB58ED1392C983002F55A5 /* en */ = {isa = PBXFileReference; lastKnownFileType = file.xib; name = en; path = en.lproj/MoveViewController.xib; sourceTree = "<group>"; };
		BE3E90B81B943BCD00C6343E /* Images.xcassets */ = {isa = PBXFileReference; lastKnownFileType = folder.assetcatalog; path = Images.xcassets; sourceTree = "<group>"; };
/* End PBXFileReference section */

/* Begin PBXFrameworksBuildPhase section */
		90AB58CD1392C982002F55A5 /* Frameworks */ = {
			isa = PBXFrameworksBuildPhase;
			buildActionMask = 2147483647;
			files = (
				90AB58D51392C982002F55A5 /* UIKit.framework in Frameworks */,
				90AB58D71392C982002F55A5 /* Foundation.framework in Frameworks */,
				90AB58D91392C982002F55A5 /* CoreGraphics.framework in Frameworks */,
			);
			runOnlyForDeploymentPostprocessing = 0;
		};
/* End PBXFrameworksBuildPhase section */

/* Begin PBXGroup section */
		90AB58C51392C982002F55A5 = {
			isa = PBXGroup;
			children = (
				90AB58DA1392C982002F55A5 /* Move */,
				90AB58D31392C982002F55A5 /* Frameworks */,
				90AB58D11392C982002F55A5 /* Products */,
			);
			sourceTree = "<group>";
		};
		90AB58D11392C982002F55A5 /* Products */ = {
			isa = PBXGroup;
			children = (
				90AB58D01392C982002F55A5 /* Move.app */,
			);
			name = Products;
			sourceTree = "<group>";
		};
		90AB58D31392C982002F55A5 /* Frameworks */ = {
			isa = PBXGroup;
			children = (
				90AB58D41392C982002F55A5 /* UIKit.framework */,
				90AB58D61392C982002F55A5 /* Foundation.framework */,
				90AB58D81392C982002F55A5 /* CoreGraphics.framework */,
			);
			name = Frameworks;
			sourceTree = "<group>";
		};
		90AB58DA1392C982002F55A5 /* Move */ = {
			isa = PBXGroup;
			children = (
				90AB58E31392C982002F55A5 /* MoveAppDelegate.h */,
				90AB58E41392C982002F55A5 /* MoveAppDelegate.m */,
				90AB58E61392C983002F55A5 /* MainWindow.xib */,
				90AB58E91392C983002F55A5 /* MoveViewController.h */,
				90AB58EA1392C983002F55A5 /* MoveViewController.m */,
				90AB58EC1392C983002F55A5 /* MoveViewController.xib */,
				BE3E90B81B943BCD00C6343E /* Images.xcassets */,
				90AB58DB1392C982002F55A5 /* Supporting Files */,
			);
			path = Move;
			sourceTree = "<group>";
		};
		90AB58DB1392C982002F55A5 /* Supporting Files */ = {
			isa = PBXGroup;
			children = (
				90AB58DC1392C982002F55A5 /* Move-Info.plist */,
				90AB58DD1392C982002F55A5 /* InfoPlist.strings */,
				90AB58E01392C982002F55A5 /* Move-Prefix.pch */,
				90AB58E11392C982002F55A5 /* main.m */,
			);
			name = "Supporting Files";
			sourceTree = "<group>";
		};
/* End PBXGroup section */

/* Begin PBXNativeTarget section */
		90AB58CF1392C982002F55A5 /* Move */ = {
			isa = PBXNativeTarget;
			buildConfigurationList = 90AB58F11392C983002F55A5 /* Build configuration list for PBXNativeTarget "Move" */;
			buildPhases = (
				90AB58CC1392C982002F55A5 /* Sources */,
				90AB58CD1392C982002F55A5 /* Frameworks */,
				90AB58CE1392C982002F55A5 /* Resources */,
			);
			buildRules = (
			);
			dependencies = (
			);
			name = Move;
			productName = Move;
			productReference = 90AB58D01392C982002F55A5 /* Move.app */;
			productType = "com.apple.product-type.application";
		};
/* End PBXNativeTarget section */

/* Begin PBXProject section */
		90AB58C71392C982002F55A5 /* Project object */ = {
			isa = PBXProject;
			attributes = {
				LastUpgradeCheck = 0640;
			};
			buildConfigurationList = 90AB58CA1392C982002F55A5 /* Build configuration list for PBXProject "Move" */;
			compatibilityVersion = "Xcode 3.2";
			developmentRegion = English;
			hasScannedForEncodings = 0;
			knownRegions = (
				en,
			);
			mainGroup = 90AB58C51392C982002F55A5;
			productRefGroup = 90AB58D11392C982002F55A5 /* Products */;
			projectDirPath = "";
			projectRoot = "";
			targets = (
				90AB58CF1392C982002F55A5 /* Move */,
			);
		};
/* End PBXProject section */

/* Begin PBXResourcesBuildPhase section */
		90AB58CE1392C982002F55A5 /* Resources */ = {
			isa = PBXResourcesBuildPhase;
			buildActionMask = 2147483647;
			files = (
				90AB58DF1392C982002F55A5 /* InfoPlist.strings in Resources */,
				BE3E90B91B943BCD00C6343E /* Images.xcassets in Resources */,
				90AB58E81392C983002F55A5 /* MainWindow.xib in Resources */,
				90AB58EE1392C983002F55A5 /* MoveViewController.xib in Resources */,
			);
			runOnlyForDeploymentPostprocessing = 0;
		};
/* End PBXResourcesBuildPhase section */

/* Begin PBXSourcesBuildPhase section */
		90AB58CC1392C982002F55A5 /* Sources */ = {
			isa = PBXSourcesBuildPhase;
			buildActionMask = 2147483647;
			files = (
				90AB58E21392C982002F55A5 /* main.m in Sources */,
				90AB58E51392C982002F55A5 /* MoveAppDelegate.m in Sources */,
				90AB58EB1392C983002F55A5 /* MoveViewController.m in Sources */,
			);
			runOnlyForDeploymentPostprocessing = 0;
		};
/* End PBXSourcesBuildPhase section */

/* Begin PBXVariantGroup section */
		90AB58DD1392C982002F55A5 /* InfoPlist.strings */ = {
			isa = PBXVariantGroup;
			children = (
				90AB58DE1392C982002F55A5 /* en */,
			);
			name = InfoPlist.strings;
			sourceTree = "<group>";
		};
		90AB58E61392C983002F55A5 /* MainWindow.xib */ = {
			isa = PBXVariantGroup;
			children = (
				90AB58E71392C983002F55A5 /* en */,
			);
			name = MainWindow.xib;
			sourceTree = "<group>";
		};
		90AB58EC1392C983002F55A5 /* MoveViewController.xib */ = {
			isa = PBXVariantGroup;
			children = (
				90AB58ED1392C983002F55A5 /* en */,
			);
			name = MoveViewController.xib;
			sourceTree = "<group>";
		};
/* End PBXVariantGroup section */

/* Begin XCBuildConfiguration section */
		90AB58EF1392C983002F55A5 /* Debug */ = {
			isa = XCBuildConfiguration;
			buildSettings = {
				"CODE_SIGN_IDENTITY[sdk=iphoneos*]" = "iPhone Developer";
				GCC_C_LANGUAGE_STANDARD = gnu99;
				GCC_OPTIMIZATION_LEVEL = 0;
				GCC_PREPROCESSOR_DEFINITIONS = DEBUG;
				GCC_SYMBOLS_PRIVATE_EXTERN = NO;
				GCC_VERSION = com.apple.compilers.llvmgcc42;
				GCC_WARN_ABOUT_RETURN_TYPE = YES;
				GCC_WARN_UNUSED_VARIABLE = YES;
				IPHONEOS_DEPLOYMENT_TARGET = 4.3;
				ONLY_ACTIVE_ARCH = YES;
				SDKROOT = iphoneos;
			};
			name = Debug;
		};
		90AB58F01392C983002F55A5 /* Release */ = {
			isa = XCBuildConfiguration;
			buildSettings = {
				"CODE_SIGN_IDENTITY[sdk=iphoneos*]" = "iPhone Developer";
				GCC_C_LANGUAGE_STANDARD = gnu99;
				GCC_VERSION = com.apple.compilers.llvmgcc42;
				GCC_WARN_ABOUT_RETURN_TYPE = YES;
				GCC_WARN_UNUSED_VARIABLE = YES;
				IPHONEOS_DEPLOYMENT_TARGET = 4.3;
				OTHER_CFLAGS = "-DNS_BLOCK_ASSERTIONS=1";
				SDKROOT = iphoneos;
			};
			name = Release;
		};
		90AB58F21392C983002F55A5 /* Debug */ = {
			isa = XCBuildConfiguration;
			buildSettings = {
				ALWAYS_SEARCH_USER_PATHS = NO;
				ASSETCATALOG_COMPILER_APPICON_NAME = AppIcon;
				ASSETCATALOG_COMPILER_LAUNCHIMAGE_NAME = LaunchImage;
				COPY_PHASE_STRIP = NO;
				GCC_DYNAMIC_NO_PIC = NO;
				GCC_PRECOMPILE_PREFIX_HEADER = YES;
				GCC_PREFIX_HEADER = "Move/Move-Prefix.pch";
				GCC_VERSION = com.apple.compilers.llvm.clang.1_0;
				INFOPLIST_FILE = "Move/Move-Info.plist";
				PRODUCT_NAME = "$(TARGET_NAME)";
				WRAPPER_EXTENSION = app;
			};
			name = Debug;
		};
		90AB58F31392C983002F55A5 /* Release */ = {
			isa = XCBuildConfiguration;
			buildSettings = {
				ALWAYS_SEARCH_USER_PATHS = NO;
				ASSETCATALOG_COMPILER_APPICON_NAME = AppIcon;
				ASSETCATALOG_COMPILER_LAUNCHIMAGE_NAME = LaunchImage;
				COPY_PHASE_STRIP = YES;
				GCC_PRECOMPILE_PREFIX_HEADER = YES;
				GCC_PREFIX_HEADER = "Move/Move-Prefix.pch";
				GCC_VERSION = com.apple.compilers.llvm.clang.1_0;
				INFOPLIST_FILE = "Move/Move-Info.plist";
				PRODUCT_NAME = "$(TARGET_NAME)";
				VALIDATE_PRODUCT = YES;
				WRAPPER_EXTENSION = app;
			};
			name = Release;
		};
/* End XCBuildConfiguration section */

/* Begin XCConfigurationList section */
		90AB58CA1392C982002F55A5 /* Build configuration list for PBXProject "Move" */ = {
			isa = XCConfigurationList;
			buildConfigurations = (
				90AB58EF1392C983002F55A5 /* Debug */,
				90AB58F01392C983002F55A5 /* Release */,
			);
			defaultConfigurationIsVisible = 0;
			defaultConfigurationName = Release;
		};
		90AB58F11392C983002F55A5 /* Build configuration list for PBXNativeTarget "Move" */ = {
			isa = XCConfigurationList;
			buildConfigurations = (
				90AB58F21392C983002F55A5 /* Debug */,
				90AB58F31392C983002F55A5 /* Release */,
			);
			defaultConfigurationIsVisible = 0;
			defaultConfigurationName = Release;
		};
/* End XCConfigurationList section */
	};
	rootObject = 90AB58C71392C982002F55A5 /* Project object */;
}
