// !$*UTF8*$!
{
	archiveVersion = 1;
	classes = {
	};
	objectVersion = 46;
	objects = {

/* Begin PBXBuildFile section */
		BEC8F3FC1B87569500F0E334 /* AppDelegate.swift in Sources */ = {isa = PBXBuildFile; fileRef = BEC8F3FB1B87569500F0E334 /* AppDelegate.swift */; };
		BEC8F3FF1B87569500F0E334 /* test_Core_Data.xcdatamodeld in Sources */ = {isa = PBXBuildFile; fileRef = BEC8F3FD1B87569500F0E334 /* test_Core_Data.xcdatamodeld */; };
		BEC8F4011B87569500F0E334 /* ViewController.swift in Sources */ = {isa = PBXBuildFile; fileRef = BEC8F4001B87569500F0E334 /* ViewController.swift */; };
		BEC8F4041B87569500F0E334 /* Main.storyboard in Resources */ = {isa = PBXBuildFile; fileRef = BEC8F4021B87569500F0E334 /* Main.storyboard */; };
		BEC8F4061B87569500F0E334 /* Images.xcassets in Resources */ = {isa = PBXBuildFile; fileRef = BEC8F4051B87569500F0E334 /* Images.xcassets */; };
		BEC8F4091B87569500F0E334 /* LaunchScreen.xib in Resources */ = {isa = PBXBuildFile; fileRef = BEC8F4071B87569500F0E334 /* LaunchScreen.xib */; };
		BEC8F4151B87569500F0E334 /* test_Core_DataTests.swift in Sources */ = {isa = PBXBuildFile; fileRef = BEC8F4141B87569500F0E334 /* test_Core_DataTests.swift */; };
/* End PBXBuildFile section */

/* Begin PBXContainerItemProxy section */
		BEC8F40F1B87569500F0E334 /* PBXContainerItemProxy */ = {
			isa = PBXContainerItemProxy;
			containerPortal = BEC8F3EE1B87569500F0E334 /* Project object */;
			proxyType = 1;
			remoteGlobalIDString = BEC8F3F51B87569500F0E334;
			remoteInfo = "test Core Data";
		};
/* End PBXContainerItemProxy section */

/* Begin PBXFileReference section */
		BEC8F3F61B87569500F0E334 /* test Core Data.app */ = {isa = PBXFileReference; explicitFileType = wrapper.application; includeInIndex = 0; path = "test Core Data.app"; sourceTree = BUILT_PRODUCTS_DIR; };
		BEC8F3FA1B87569500F0E334 /* Info.plist */ = {isa = PBXFileReference; lastKnownFileType = text.plist.xml; path = Info.plist; sourceTree = "<group>"; };
		BEC8F3FB1B87569500F0E334 /* AppDelegate.swift */ = {isa = PBXFileReference; lastKnownFileType = sourcecode.swift; path = AppDelegate.swift; sourceTree = "<group>"; };
		BEC8F3FE1B87569500F0E334 /* test_Core_Data.xcdatamodel */ = {isa = PBXFileReference; lastKnownFileType = wrapper.xcdatamodel; path = test_Core_Data.xcdatamodel; sourceTree = "<group>"; };
		BEC8F4001B87569500F0E334 /* ViewController.swift */ = {isa = PBXFileReference; lastKnownFileType = sourcecode.swift; path = ViewController.swift; sourceTree = "<group>"; };
		BEC8F4031B87569500F0E334 /* Base */ = {isa = PBXFileReference; lastKnownFileType = file.storyboard; name = Base; path = Base.lproj/Main.storyboard; sourceTree = "<group>"; };
		BEC8F4051B87569500F0E334 /* Images.xcassets */ = {isa = PBXFileReference; lastKnownFileType = folder.assetcatalog; path = Images.xcassets; sourceTree = "<group>"; };
		BEC8F4081B87569500F0E334 /* Base */ = {isa = PBXFileReference; lastKnownFileType = file.xib; name = Base; path = Base.lproj/LaunchScreen.xib; sourceTree = "<group>"; };
		BEC8F40E1B87569500F0E334 /* test Core DataTests.xctest */ = {isa = PBXFileReference; explicitFileType = wrapper.cfbundle; includeInIndex = 0; path = "test Core DataTests.xctest"; sourceTree = BUILT_PRODUCTS_DIR; };
		BEC8F4131B87569500F0E334 /* Info.plist */ = {isa = PBXFileReference; lastKnownFileType = text.plist.xml; path = Info.plist; sourceTree = "<group>"; };
		BEC8F4141B87569500F0E334 /* test_Core_DataTests.swift */ = {isa = PBXFileReference; lastKnownFileType = sourcecode.swift; path = test_Core_DataTests.swift; sourceTree = "<group>"; };
/* End PBXFileReference section */

/* Begin PBXFrameworksBuildPhase section */
		BEC8F3F31B87569500F0E334 /* Frameworks */ = {
			isa = PBXFrameworksBuildPhase;
			buildActionMask = 2147483647;
			files = (
			);
			runOnlyForDeploymentPostprocessing = 0;
		};
		BEC8F40B1B87569500F0E334 /* Frameworks */ = {
			isa = PBXFrameworksBuildPhase;
			buildActionMask = 2147483647;
			files = (
			);
			runOnlyForDeploymentPostprocessing = 0;
		};
/* End PBXFrameworksBuildPhase section */

/* Begin PBXGroup section */
		BEC8F3ED1B87569500F0E334 = {
			isa = PBXGroup;
			children = (
				BEC8F3F81B87569500F0E334 /* test Core Data */,
				BEC8F4111B87569500F0E334 /* test Core DataTests */,
				BEC8F3F71B87569500F0E334 /* Products */,
			);
			sourceTree = "<group>";
		};
		BEC8F3F71B87569500F0E334 /* Products */ = {
			isa = PBXGroup;
			children = (
				BEC8F3F61B87569500F0E334 /* test Core Data.app */,
				BEC8F40E1B87569500F0E334 /* test Core DataTests.xctest */,
			);
			name = Products;
			sourceTree = "<group>";
		};
		BEC8F3F81B87569500F0E334 /* test Core Data */ = {
			isa = PBXGroup;
			children = (
				BEC8F3FB1B87569500F0E334 /* AppDelegate.swift */,
				BEC8F4001B87569500F0E334 /* ViewController.swift */,
				BEC8F4021B87569500F0E334 /* Main.storyboard */,
				BEC8F4051B87569500F0E334 /* Images.xcassets */,
				BEC8F4071B87569500F0E334 /* LaunchScreen.xib */,
				BEC8F3FD1B87569500F0E334 /* test_Core_Data.xcdatamodeld */,
				BEC8F3F91B87569500F0E334 /* Supporting Files */,
			);
			path = "test Core Data";
			sourceTree = "<group>";
		};
		BEC8F3F91B87569500F0E334 /* Supporting Files */ = {
			isa = PBXGroup;
			children = (
				BEC8F3FA1B87569500F0E334 /* Info.plist */,
			);
			name = "Supporting Files";
			sourceTree = "<group>";
		};
		BEC8F4111B87569500F0E334 /* test Core DataTests */ = {
			isa = PBXGroup;
			children = (
				BEC8F4141B87569500F0E334 /* test_Core_DataTests.swift */,
				BEC8F4121B87569500F0E334 /* Supporting Files */,
			);
			path = "test Core DataTests";
			sourceTree = "<group>";
		};
		BEC8F4121B87569500F0E334 /* Supporting Files */ = {
			isa = PBXGroup;
			children = (
				BEC8F4131B87569500F0E334 /* Info.plist */,
			);
			name = "Supporting Files";
			sourceTree = "<group>";
		};
/* End PBXGroup section */

/* Begin PBXNativeTarget section */
		BEC8F3F51B87569500F0E334 /* test Core Data */ = {
			isa = PBXNativeTarget;
			buildConfigurationList = BEC8F4181B87569500F0E334 /* Build configuration list for PBXNativeTarget "test Core Data" */;
			buildPhases = (
				BEC8F3F21B87569500F0E334 /* Sources */,
				BEC8F3F31B87569500F0E334 /* Frameworks */,
				BEC8F3F41B87569500F0E334 /* Resources */,
			);
			buildRules = (
			);
			dependencies = (
			);
			name = "test Core Data";
			productName = "test Core Data";
			productReference = BEC8F3F61B87569500F0E334 /* test Core Data.app */;
			productType = "com.apple.product-type.application";
		};
		BEC8F40D1B87569500F0E334 /* test Core DataTests */ = {
			isa = PBXNativeTarget;
			buildConfigurationList = BEC8F41B1B87569500F0E334 /* Build configuration list for PBXNativeTarget "test Core DataTests" */;
			buildPhases = (
				BEC8F40A1B87569500F0E334 /* Sources */,
				BEC8F40B1B87569500F0E334 /* Frameworks */,
				BEC8F40C1B87569500F0E334 /* Resources */,
			);
			buildRules = (
			);
			dependencies = (
				BEC8F4101B87569500F0E334 /* PBXTargetDependency */,
			);
			name = "test Core DataTests";
			productName = "test Core DataTests";
			productReference = BEC8F40E1B87569500F0E334 /* test Core DataTests.xctest */;
			productType = "com.apple.product-type.bundle.unit-test";
		};
/* End PBXNativeTarget section */

/* Begin PBXProject section */
		BEC8F3EE1B87569500F0E334 /* Project object */ = {
			isa = PBXProject;
			attributes = {
				LastSwiftMigration = 0700;
				LastSwiftUpdateCheck = 0700;
				LastUpgradeCheck = 0640;
				ORGANIZATIONNAME = gewill.org;
				TargetAttributes = {
					BEC8F3F51B87569500F0E334 = {
						CreatedOnToolsVersion = 6.4;
					};
					BEC8F40D1B87569500F0E334 = {
						CreatedOnToolsVersion = 6.4;
						TestTargetID = BEC8F3F51B87569500F0E334;
					};
				};
			};
			buildConfigurationList = BEC8F3F11B87569500F0E334 /* Build configuration list for PBXProject "test Core Data" */;
			compatibilityVersion = "Xcode 3.2";
			developmentRegion = English;
			hasScannedForEncodings = 0;
			knownRegions = (
				en,
				Base,
			);
			mainGroup = BEC8F3ED1B87569500F0E334;
			productRefGroup = BEC8F3F71B87569500F0E334 /* Products */;
			projectDirPath = "";
			projectRoot = "";
			targets = (
				BEC8F3F51B87569500F0E334 /* test Core Data */,
				BEC8F40D1B87569500F0E334 /* test Core DataTests */,
			);
		};
/* End PBXProject section */

/* Begin PBXResourcesBuildPhase section */
		BEC8F3F41B87569500F0E334 /* Resources */ = {
			isa = PBXResourcesBuildPhase;
			buildActionMask = 2147483647;
			files = (
				BEC8F4041B87569500F0E334 /* Main.storyboard in Resources */,
				BEC8F4091B87569500F0E334 /* LaunchScreen.xib in Resources */,
				BEC8F4061B87569500F0E334 /* Images.xcassets in Resources */,
			);
			runOnlyForDeploymentPostprocessing = 0;
		};
		BEC8F40C1B87569500F0E334 /* Resources */ = {
			isa = PBXResourcesBuildPhase;
			buildActionMask = 2147483647;
			files = (
			);
			runOnlyForDeploymentPostprocessing = 0;
		};
/* End PBXResourcesBuildPhase section */

/* Begin PBXSourcesBuildPhase section */
		BEC8F3F21B87569500F0E334 /* Sources */ = {
			isa = PBXSourcesBuildPhase;
			buildActionMask = 2147483647;
			files = (
				BEC8F4011B87569500F0E334 /* ViewController.swift in Sources */,
				BEC8F3FF1B87569500F0E334 /* test_Core_Data.xcdatamodeld in Sources */,
				BEC8F3FC1B87569500F0E334 /* AppDelegate.swift in Sources */,
			);
			runOnlyForDeploymentPostprocessing = 0;
		};
		BEC8F40A1B87569500F0E334 /* Sources */ = {
			isa = PBXSourcesBuildPhase;
			buildActionMask = 2147483647;
			files = (
				BEC8F4151B87569500F0E334 /* test_Core_DataTests.swift in Sources */,
			);
			runOnlyForDeploymentPostprocessing = 0;
		};
/* End PBXSourcesBuildPhase section */

/* Begin PBXTargetDependency section */
		BEC8F4101B87569500F0E334 /* PBXTargetDependency */ = {
			isa = PBXTargetDependency;
			target = BEC8F3F51B87569500F0E334 /* test Core Data */;
			targetProxy = BEC8F40F1B87569500F0E334 /* PBXContainerItemProxy */;
		};
/* End PBXTargetDependency section */

/* Begin PBXVariantGroup section */
		BEC8F4021B87569500F0E334 /* Main.storyboard */ = {
			isa = PBXVariantGroup;
			children = (
				BEC8F4031B87569500F0E334 /* Base */,
			);
			name = Main.storyboard;
			sourceTree = "<group>";
		};
		BEC8F4071B87569500F0E334 /* LaunchScreen.xib */ = {
			isa = PBXVariantGroup;
			children = (
				BEC8F4081B87569500F0E334 /* Base */,
			);
			name = LaunchScreen.xib;
			sourceTree = "<group>";
		};
/* End PBXVariantGroup section */

/* Begin XCBuildConfiguration section */
		BEC8F4161B87569500F0E334 /* Debug */ = {
			isa = XCBuildConfiguration;
			buildSettings = {
				ALWAYS_SEARCH_USER_PATHS = NO;
				CLANG_CXX_LANGUAGE_STANDARD = "gnu++0x";
				CLANG_CXX_LIBRARY = "libc++";
				CLANG_ENABLE_MODULES = YES;
				CLANG_ENABLE_OBJC_ARC = YES;
				CLANG_WARN_BOOL_CONVERSION = YES;
				CLANG_WARN_CONSTANT_CONVERSION = YES;
				CLANG_WARN_DIRECT_OBJC_ISA_USAGE = YES_ERROR;
				CLANG_WARN_EMPTY_BODY = YES;
				CLANG_WARN_ENUM_CONVERSION = YES;
				CLANG_WARN_INT_CONVERSION = YES;
				CLANG_WARN_OBJC_ROOT_CLASS = YES_ERROR;
				CLANG_WARN_UNREACHABLE_CODE = YES;
				CLANG_WARN__DUPLICATE_METHOD_MATCH = YES;
				"CODE_SIGN_IDENTITY[sdk=iphoneos*]" = "iPhone Developer";
				COPY_PHASE_STRIP = NO;
				DEBUG_INFORMATION_FORMAT = "dwarf-with-dsym";
				ENABLE_STRICT_OBJC_MSGSEND = YES;
				GCC_C_LANGUAGE_STANDARD = gnu99;
				GCC_DYNAMIC_NO_PIC = NO;
				GCC_NO_COMMON_BLOCKS = YES;
				GCC_OPTIMIZATION_LEVEL = 0;
				GCC_PREPROCESSOR_DEFINITIONS = (
					"DEBUG=1",
					"$(inherited)",
				);
				GCC_SYMBOLS_PRIVATE_EXTERN = NO;
				GCC_WARN_64_TO_32_BIT_CONVERSION = YES;
				GCC_WARN_ABOUT_RETURN_TYPE = YES_ERROR;
				GCC_WARN_UNDECLARED_SELECTOR = YES;
				GCC_WARN_UNINITIALIZED_AUTOS = YES_AGGRESSIVE;
				GCC_WARN_UNUSED_FUNCTION = YES;
				GCC_WARN_UNUSED_VARIABLE = YES;
				IPHONEOS_DEPLOYMENT_TARGET = 8.4;
				MTL_ENABLE_DEBUG_INFO = YES;
				ONLY_ACTIVE_ARCH = YES;
				SDKROOT = iphoneos;
				SWIFT_OPTIMIZATION_LEVEL = "-Onone";
				TARGETED_DEVICE_FAMILY = "1,2";
			};
			name = Debug;
		};
		BEC8F4171B87569500F0E334 /* Release */ = {
			isa = XCBuildConfiguration;
			buildSettings = {
				ALWAYS_SEARCH_USER_PATHS = NO;
				CLANG_CXX_LANGUAGE_STANDARD = "gnu++0x";
				CLANG_CXX_LIBRARY = "libc++";
				CLANG_ENABLE_MODULES = YES;
				CLANG_ENABLE_OBJC_ARC = YES;
				CLANG_WARN_BOOL_CONVERSION = YES;
				CLANG_WARN_CONSTANT_CONVERSION = YES;
				CLANG_WARN_DIRECT_OBJC_ISA_USAGE = YES_ERROR;
				CLANG_WARN_EMPTY_BODY = YES;
				CLANG_WARN_ENUM_CONVERSION = YES;
				CLANG_WARN_INT_CONVERSION = YES;
				CLANG_WARN_OBJC_ROOT_CLASS = YES_ERROR;
				CLANG_WARN_UNREACHABLE_CODE = YES;
				CLANG_WARN__DUPLICATE_METHOD_MATCH = YES;
				"CODE_SIGN_IDENTITY[sdk=iphoneos*]" = "iPhone Developer";
				COPY_PHASE_STRIP = NO;
				DEBUG_INFORMATION_FORMAT = "dwarf-with-dsym";
				ENABLE_NS_ASSERTIONS = NO;
				ENABLE_STRICT_OBJC_MSGSEND = YES;
				GCC_C_LANGUAGE_STANDARD = gnu99;
				GCC_NO_COMMON_BLOCKS = YES;
				GCC_WARN_64_TO_32_BIT_CONVERSION = YES;
				GCC_WARN_ABOUT_RETURN_TYPE = YES_ERROR;
				GCC_WARN_UNDECLARED_SELECTOR = YES;
				GCC_WARN_UNINITIALIZED_AUTOS = YES_AGGRESSIVE;
				GCC_WARN_UNUSED_FUNCTION = YES;
				GCC_WARN_UNUSED_VARIABLE = YES;
				IPHONEOS_DEPLOYMENT_TARGET = 8.4;
				MTL_ENABLE_DEBUG_INFO = NO;
				SDKROOT = iphoneos;
				TARGETED_DEVICE_FAMILY = "1,2";
				VALIDATE_PRODUCT = YES;
			};
			name = Release;
		};
		BEC8F4191B87569500F0E334 /* Debug */ = {
			isa = XCBuildConfiguration;
			buildSettings = {
				ASSETCATALOG_COMPILER_APPICON_NAME = AppIcon;
				INFOPLIST_FILE = "test Core Data/Info.plist";
				LD_RUNPATH_SEARCH_PATHS = "$(inherited) @executable_path/Frameworks";
				PRODUCT_NAME = "$(TARGET_NAME)";
			};
			name = Debug;
		};
		BEC8F41A1B87569500F0E334 /* Release */ = {
			isa = XCBuildConfiguration;
			buildSettings = {
				ASSETCATALOG_COMPILER_APPICON_NAME = AppIcon;
				INFOPLIST_FILE = "test Core Data/Info.plist";
				LD_RUNPATH_SEARCH_PATHS = "$(inherited) @executable_path/Frameworks";
				PRODUCT_NAME = "$(TARGET_NAME)";
			};
			name = Release;
		};
		BEC8F41C1B87569500F0E334 /* Debug */ = {
			isa = XCBuildConfiguration;
			buildSettings = {
				BUNDLE_LOADER = "$(TEST_HOST)";
				FRAMEWORK_SEARCH_PATHS = (
					"$(SDKROOT)/Developer/Library/Frameworks",
					"$(inherited)",
				);
				GCC_PREPROCESSOR_DEFINITIONS = (
					"DEBUG=1",
					"$(inherited)",
				);
				INFOPLIST_FILE = "test Core DataTests/Info.plist";
				LD_RUNPATH_SEARCH_PATHS = "$(inherited) @executable_path/Frameworks @loader_path/Frameworks";
				PRODUCT_NAME = "$(TARGET_NAME)";
				TEST_HOST = "$(BUILT_PRODUCTS_DIR)/test Core Data.app/test Core Data";
			};
			name = Debug;
		};
		BEC8F41D1B87569500F0E334 /* Release */ = {
			isa = XCBuildConfiguration;
			buildSettings = {
				BUNDLE_LOADER = "$(TEST_HOST)";
				FRAMEWORK_SEARCH_PATHS = (
					"$(SDKROOT)/Developer/Library/Frameworks",
					"$(inherited)",
				);
				INFOPLIST_FILE = "test Core DataTests/Info.plist";
				LD_RUNPATH_SEARCH_PATHS = "$(inherited) @executable_path/Frameworks @loader_path/Frameworks";
				PRODUCT_NAME = "$(TARGET_NAME)";
				TEST_HOST = "$(BUILT_PRODUCTS_DIR)/test Core Data.app/test Core Data";
			};
			name = Release;
		};
/* End XCBuildConfiguration section */

/* Begin XCConfigurationList section */
		BEC8F3F11B87569500F0E334 /* Build configuration list for PBXProject "test Core Data" */ = {
			isa = XCConfigurationList;
			buildConfigurations = (
				BEC8F4161B87569500F0E334 /* Debug */,
				BEC8F4171B87569500F0E334 /* Release */,
			);
			defaultConfigurationIsVisible = 0;
			defaultConfigurationName = Release;
		};
		BEC8F4181B87569500F0E334 /* Build configuration list for PBXNativeTarget "test Core Data" */ = {
			isa = XCConfigurationList;
			buildConfigurations = (
				BEC8F4191B87569500F0E334 /* Debug */,
				BEC8F41A1B87569500F0E334 /* Release */,
			);
			defaultConfigurationIsVisible = 0;
			defaultConfigurationName = Release;
		};
		BEC8F41B1B87569500F0E334 /* Build configuration list for PBXNativeTarget "test Core DataTests" */ = {
			isa = XCConfigurationList;
			buildConfigurations = (
				BEC8F41C1B87569500F0E334 /* Debug */,
				BEC8F41D1B87569500F0E334 /* Release */,
			);
			defaultConfigurationIsVisible = 0;
			defaultConfigurationName = Release;
		};
/* End XCConfigurationList section */

/* Begin XCVersionGroup section */
		BEC8F3FD1B87569500F0E334 /* test_Core_Data.xcdatamodeld */ = {
			isa = XCVersionGroup;
			children = (
				BEC8F3FE1B87569500F0E334 /* test_Core_Data.xcdatamodel */,
			);
			currentVersion = BEC8F3FE1B87569500F0E334 /* test_Core_Data.xcdatamodel */;
			path = test_Core_Data.xcdatamodeld;
			sourceTree = "<group>";
			versionGroupType = wrapper.xcdatamodel;
		};
/* End XCVersionGroup section */
	};
	rootObject = BEC8F3EE1B87569500F0E334 /* Project object */;
}
