// !$*UTF8*$!
{
	archiveVersion = 1;
	classes = {
	};
	objectVersion = 46;
	objects = {

/* Begin PBXBuildFile section */
		BEF065671B9A6B8B0043B965 /* main.m in Sources */ = {isa = PBXBuildFile; fileRef = BEF065661B9A6B8B0043B965 /* main.m */; };
		BEF0656A1B9A6B8B0043B965 /* AppDelegate.m in Sources */ = {isa = PBXBuildFile; fileRef = BEF065691B9A6B8B0043B965 /* AppDelegate.m */; };
		BEF0656D1B9A6B8B0043B965 /* ViewController.m in Sources */ = {isa = PBXBuildFile; fileRef = BEF0656C1B9A6B8B0043B965 /* ViewController.m */; };
		BEF065701B9A6B8B0043B965 /* Main.storyboard in Resources */ = {isa = PBXBuildFile; fileRef = BEF0656E1B9A6B8B0043B965 /* Main.storyboard */; };
		BEF065721B9A6B8B0043B965 /* Images.xcassets in Resources */ = {isa = PBXBuildFile; fileRef = BEF065711B9A6B8B0043B965 /* Images.xcassets */; };
		BEF065751B9A6B8B0043B965 /* LaunchScreen.xib in Resources */ = {isa = PBXBuildFile; fileRef = BEF065731B9A6B8B0043B965 /* LaunchScreen.xib */; };
		BEF065811B9A6B8B0043B965 /* test_prepare_for_segue_between_swift_and_objectiveTests.m in Sources */ = {isa = PBXBuildFile; fileRef = BEF065801B9A6B8B0043B965 /* test_prepare_for_segue_between_swift_and_objectiveTests.m */; };
/* End PBXBuildFile section */

/* Begin PBXContainerItemProxy section */
		BEF0657B1B9A6B8B0043B965 /* PBXContainerItemProxy */ = {
			isa = PBXContainerItemProxy;
			containerPortal = BEF065591B9A6B8B0043B965 /* Project object */;
			proxyType = 1;
			remoteGlobalIDString = BEF065601B9A6B8B0043B965;
			remoteInfo = "test prepare for segue between swift and objective";
		};
/* End PBXContainerItemProxy section */

/* Begin PBXFileReference section */
		BEF065611B9A6B8B0043B965 /* test prepare for segue between swift and objective.app */ = {isa = PBXFileReference; explicitFileType = wrapper.application; includeInIndex = 0; path = "test prepare for segue between swift and objective.app"; sourceTree = BUILT_PRODUCTS_DIR; };
		BEF065651B9A6B8B0043B965 /* Info.plist */ = {isa = PBXFileReference; lastKnownFileType = text.plist.xml; path = Info.plist; sourceTree = "<group>"; };
		BEF065661B9A6B8B0043B965 /* main.m */ = {isa = PBXFileReference; lastKnownFileType = sourcecode.c.objc; path = main.m; sourceTree = "<group>"; };
		BEF065681B9A6B8B0043B965 /* AppDelegate.h */ = {isa = PBXFileReference; lastKnownFileType = sourcecode.c.h; path = AppDelegate.h; sourceTree = "<group>"; };
		BEF065691B9A6B8B0043B965 /* AppDelegate.m */ = {isa = PBXFileReference; lastKnownFileType = sourcecode.c.objc; path = AppDelegate.m; sourceTree = "<group>"; };
		BEF0656B1B9A6B8B0043B965 /* ViewController.h */ = {isa = PBXFileReference; lastKnownFileType = sourcecode.c.h; path = ViewController.h; sourceTree = "<group>"; };
		BEF0656C1B9A6B8B0043B965 /* ViewController.m */ = {isa = PBXFileReference; lastKnownFileType = sourcecode.c.objc; path = ViewController.m; sourceTree = "<group>"; };
		BEF0656F1B9A6B8B0043B965 /* Base */ = {isa = PBXFileReference; lastKnownFileType = file.storyboard; name = Base; path = Base.lproj/Main.storyboard; sourceTree = "<group>"; };
		BEF065711B9A6B8B0043B965 /* Images.xcassets */ = {isa = PBXFileReference; lastKnownFileType = folder.assetcatalog; path = Images.xcassets; sourceTree = "<group>"; };
		BEF065741B9A6B8B0043B965 /* Base */ = {isa = PBXFileReference; lastKnownFileType = file.xib; name = Base; path = Base.lproj/LaunchScreen.xib; sourceTree = "<group>"; };
		BEF0657A1B9A6B8B0043B965 /* test prepare for segue between swift and objectiveTests.xctest */ = {isa = PBXFileReference; explicitFileType = wrapper.cfbundle; includeInIndex = 0; path = "test prepare for segue between swift and objectiveTests.xctest"; sourceTree = BUILT_PRODUCTS_DIR; };
		BEF0657F1B9A6B8B0043B965 /* Info.plist */ = {isa = PBXFileReference; lastKnownFileType = text.plist.xml; path = Info.plist; sourceTree = "<group>"; };
		BEF065801B9A6B8B0043B965 /* test_prepare_for_segue_between_swift_and_objectiveTests.m */ = {isa = PBXFileReference; lastKnownFileType = sourcecode.c.objc; path = test_prepare_for_segue_between_swift_and_objectiveTests.m; sourceTree = "<group>"; };
		BEF0658A1B9A6CE90043B965 /* yishengsuoai.mp4 */ = {isa = PBXFileReference; lastKnownFileType = file; path = yishengsuoai.mp4; sourceTree = "<group>"; };
/* End PBXFileReference section */

/* Begin PBXFrameworksBuildPhase section */
		BEF0655E1B9A6B8B0043B965 /* Frameworks */ = {
			isa = PBXFrameworksBuildPhase;
			buildActionMask = 2147483647;
			files = (
			);
			runOnlyForDeploymentPostprocessing = 0;
		};
		BEF065771B9A6B8B0043B965 /* Frameworks */ = {
			isa = PBXFrameworksBuildPhase;
			buildActionMask = 2147483647;
			files = (
			);
			runOnlyForDeploymentPostprocessing = 0;
		};
/* End PBXFrameworksBuildPhase section */

/* Begin PBXGroup section */
		BEF065581B9A6B8B0043B965 = {
			isa = PBXGroup;
			children = (
				BEF065631B9A6B8B0043B965 /* test prepare for segue between swift and objective */,
				BEF0657D1B9A6B8B0043B965 /* test prepare for segue between swift and objectiveTests */,
				BEF065621B9A6B8B0043B965 /* Products */,
			);
			sourceTree = "<group>";
		};
		BEF065621B9A6B8B0043B965 /* Products */ = {
			isa = PBXGroup;
			children = (
				BEF065611B9A6B8B0043B965 /* test prepare for segue between swift and objective.app */,
				BEF0657A1B9A6B8B0043B965 /* test prepare for segue between swift and objectiveTests.xctest */,
			);
			name = Products;
			sourceTree = "<group>";
		};
		BEF065631B9A6B8B0043B965 /* test prepare for segue between swift and objective */ = {
			isa = PBXGroup;
			children = (
				BEF065681B9A6B8B0043B965 /* AppDelegate.h */,
				BEF065691B9A6B8B0043B965 /* AppDelegate.m */,
				BEF0656B1B9A6B8B0043B965 /* ViewController.h */,
				BEF0656C1B9A6B8B0043B965 /* ViewController.m */,
				BEF0656E1B9A6B8B0043B965 /* Main.storyboard */,
				BEF065711B9A6B8B0043B965 /* Images.xcassets */,
				BEF0658A1B9A6CE90043B965 /* yishengsuoai.mp4 */,
				BEF065731B9A6B8B0043B965 /* LaunchScreen.xib */,
				BEF065641B9A6B8B0043B965 /* Supporting Files */,
			);
			path = "test prepare for segue between swift and objective";
			sourceTree = "<group>";
		};
		BEF065641B9A6B8B0043B965 /* Supporting Files */ = {
			isa = PBXGroup;
			children = (
				BEF065651B9A6B8B0043B965 /* Info.plist */,
				BEF065661B9A6B8B0043B965 /* main.m */,
			);
			name = "Supporting Files";
			sourceTree = "<group>";
		};
		BEF0657D1B9A6B8B0043B965 /* test prepare for segue between swift and objectiveTests */ = {
			isa = PBXGroup;
			children = (
				BEF065801B9A6B8B0043B965 /* test_prepare_for_segue_between_swift_and_objectiveTests.m */,
				BEF0657E1B9A6B8B0043B965 /* Supporting Files */,
			);
			path = "test prepare for segue between swift and objectiveTests";
			sourceTree = "<group>";
		};
		BEF0657E1B9A6B8B0043B965 /* Supporting Files */ = {
			isa = PBXGroup;
			children = (
				BEF0657F1B9A6B8B0043B965 /* Info.plist */,
			);
			name = "Supporting Files";
			sourceTree = "<group>";
		};
/* End PBXGroup section */

/* Begin PBXNativeTarget section */
		BEF065601B9A6B8B0043B965 /* test prepare for segue between swift and objective */ = {
			isa = PBXNativeTarget;
			buildConfigurationList = BEF065841B9A6B8B0043B965 /* Build configuration list for PBXNativeTarget "test prepare for segue between swift and objective" */;
			buildPhases = (
				BEF0655D1B9A6B8B0043B965 /* Sources */,
				BEF0655E1B9A6B8B0043B965 /* Frameworks */,
				BEF0655F1B9A6B8B0043B965 /* Resources */,
			);
			buildRules = (
			);
			dependencies = (
			);
			name = "test prepare for segue between swift and objective";
			productName = "test prepare for segue between swift and objective";
			productReference = BEF065611B9A6B8B0043B965 /* test prepare for segue between swift and objective.app */;
			productType = "com.apple.product-type.application";
		};
		BEF065791B9A6B8B0043B965 /* test prepare for segue between swift and objectiveTests */ = {
			isa = PBXNativeTarget;
			buildConfigurationList = BEF065871B9A6B8B0043B965 /* Build configuration list for PBXNativeTarget "test prepare for segue between swift and objectiveTests" */;
			buildPhases = (
				BEF065761B9A6B8B0043B965 /* Sources */,
				BEF065771B9A6B8B0043B965 /* Frameworks */,
				BEF065781B9A6B8B0043B965 /* Resources */,
			);
			buildRules = (
			);
			dependencies = (
				BEF0657C1B9A6B8B0043B965 /* PBXTargetDependency */,
			);
			name = "test prepare for segue between swift and objectiveTests";
			productName = "test prepare for segue between swift and objectiveTests";
			productReference = BEF0657A1B9A6B8B0043B965 /* test prepare for segue between swift and objectiveTests.xctest */;
			productType = "com.apple.product-type.bundle.unit-test";
		};
/* End PBXNativeTarget section */

/* Begin PBXProject section */
		BEF065591B9A6B8B0043B965 /* Project object */ = {
			isa = PBXProject;
			attributes = {
				LastUpgradeCheck = 0640;
				ORGANIZATIONNAME = gewill.org;
				TargetAttributes = {
					BEF065601B9A6B8B0043B965 = {
						CreatedOnToolsVersion = 6.4;
					};
					BEF065791B9A6B8B0043B965 = {
						CreatedOnToolsVersion = 6.4;
						TestTargetID = BEF065601B9A6B8B0043B965;
					};
				};
			};
			buildConfigurationList = BEF0655C1B9A6B8B0043B965 /* Build configuration list for PBXProject "test prepare for segue between swift and objective" */;
			compatibilityVersion = "Xcode 3.2";
			developmentRegion = English;
			hasScannedForEncodings = 0;
			knownRegions = (
				en,
				Base,
			);
			mainGroup = BEF065581B9A6B8B0043B965;
			productRefGroup = BEF065621B9A6B8B0043B965 /* Products */;
			projectDirPath = "";
			projectRoot = "";
			targets = (
				BEF065601B9A6B8B0043B965 /* test prepare for segue between swift and objective */,
				BEF065791B9A6B8B0043B965 /* test prepare for segue between swift and objectiveTests */,
			);
		};
/* End PBXProject section */

/* Begin PBXResourcesBuildPhase section */
		BEF0655F1B9A6B8B0043B965 /* Resources */ = {
			isa = PBXResourcesBuildPhase;
			buildActionMask = 2147483647;
			files = (
				BEF065701B9A6B8B0043B965 /* Main.storyboard in Resources */,
				BEF065751B9A6B8B0043B965 /* LaunchScreen.xib in Resources */,
				BEF065721B9A6B8B0043B965 /* Images.xcassets in Resources */,
			);
			runOnlyForDeploymentPostprocessing = 0;
		};
		BEF065781B9A6B8B0043B965 /* Resources */ = {
			isa = PBXResourcesBuildPhase;
			buildActionMask = 2147483647;
			files = (
			);
			runOnlyForDeploymentPostprocessing = 0;
		};
/* End PBXResourcesBuildPhase section */

/* Begin PBXSourcesBuildPhase section */
		BEF0655D1B9A6B8B0043B965 /* Sources */ = {
			isa = PBXSourcesBuildPhase;
			buildActionMask = 2147483647;
			files = (
				BEF0656D1B9A6B8B0043B965 /* ViewController.m in Sources */,
				BEF0656A1B9A6B8B0043B965 /* AppDelegate.m in Sources */,
				BEF065671B9A6B8B0043B965 /* main.m in Sources */,
			);
			runOnlyForDeploymentPostprocessing = 0;
		};
		BEF065761B9A6B8B0043B965 /* Sources */ = {
			isa = PBXSourcesBuildPhase;
			buildActionMask = 2147483647;
			files = (
				BEF065811B9A6B8B0043B965 /* test_prepare_for_segue_between_swift_and_objectiveTests.m in Sources */,
			);
			runOnlyForDeploymentPostprocessing = 0;
		};
/* End PBXSourcesBuildPhase section */

/* Begin PBXTargetDependency section */
		BEF0657C1B9A6B8B0043B965 /* PBXTargetDependency */ = {
			isa = PBXTargetDependency;
			target = BEF065601B9A6B8B0043B965 /* test prepare for segue between swift and objective */;
			targetProxy = BEF0657B1B9A6B8B0043B965 /* PBXContainerItemProxy */;
		};
/* End PBXTargetDependency section */

/* Begin PBXVariantGroup section */
		BEF0656E1B9A6B8B0043B965 /* Main.storyboard */ = {
			isa = PBXVariantGroup;
			children = (
				BEF0656F1B9A6B8B0043B965 /* Base */,
			);
			name = Main.storyboard;
			sourceTree = "<group>";
		};
		BEF065731B9A6B8B0043B965 /* LaunchScreen.xib */ = {
			isa = PBXVariantGroup;
			children = (
				BEF065741B9A6B8B0043B965 /* Base */,
			);
			name = LaunchScreen.xib;
			sourceTree = "<group>";
		};
/* End PBXVariantGroup section */

/* Begin XCBuildConfiguration section */
		BEF065821B9A6B8B0043B965 /* Debug */ = {
			isa = XCBuildConfiguration;
			buildSettings = {
				ALWAYS_SEARCH_USER_PATHS = NO;
				CLANG_CXX_LANGUAGE_STANDARD = "gnu++0x";
				CLANG_CXX_LIBRARY = "libc++";
				CLANG_ENABLE_MODULES = YES;
				CLANG_ENABLE_OBJC_ARC = YES;
				CLANG_WARN_BOOL_CONVERSION = YES;
				CLANG_WARN_CONSTANT_CONVERSION = YES;
				CLANG_WARN_DIRECT_OBJC_ISA_USAGE = YES_ERROR;
				CLANG_WARN_EMPTY_BODY = YES;
				CLANG_WARN_ENUM_CONVERSION = YES;
				CLANG_WARN_INT_CONVERSION = YES;
				CLANG_WARN_OBJC_ROOT_CLASS = YES_ERROR;
				CLANG_WARN_UNREACHABLE_CODE = YES;
				CLANG_WARN__DUPLICATE_METHOD_MATCH = YES;
				"CODE_SIGN_IDENTITY[sdk=iphoneos*]" = "iPhone Developer";
				COPY_PHASE_STRIP = NO;
				DEBUG_INFORMATION_FORMAT = "dwarf-with-dsym";
				ENABLE_STRICT_OBJC_MSGSEND = YES;
				GCC_C_LANGUAGE_STANDARD = gnu99;
				GCC_DYNAMIC_NO_PIC = NO;
				GCC_NO_COMMON_BLOCKS = YES;
				GCC_OPTIMIZATION_LEVEL = 0;
				GCC_PREPROCESSOR_DEFINITIONS = (
					"DEBUG=1",
					"$(inherited)",
				);
				GCC_SYMBOLS_PRIVATE_EXTERN = NO;
				GCC_WARN_64_TO_32_BIT_CONVERSION = YES;
				GCC_WARN_ABOUT_RETURN_TYPE = YES_ERROR;
				GCC_WARN_UNDECLARED_SELECTOR = YES;
				GCC_WARN_UNINITIALIZED_AUTOS = YES_AGGRESSIVE;
				GCC_WARN_UNUSED_FUNCTION = YES;
				GCC_WARN_UNUSED_VARIABLE = YES;
				IPHONEOS_DEPLOYMENT_TARGET = 8.4;
				MTL_ENABLE_DEBUG_INFO = YES;
				ONLY_ACTIVE_ARCH = YES;
				SDKROOT = iphoneos;
				TARGETED_DEVICE_FAMILY = "1,2";
			};
			name = Debug;
		};
		BEF065831B9A6B8B0043B965 /* Release */ = {
			isa = XCBuildConfiguration;
			buildSettings = {
				ALWAYS_SEARCH_USER_PATHS = NO;
				CLANG_CXX_LANGUAGE_STANDARD = "gnu++0x";
				CLANG_CXX_LIBRARY = "libc++";
				CLANG_ENABLE_MODULES = YES;
				CLANG_ENABLE_OBJC_ARC = YES;
				CLANG_WARN_BOOL_CONVERSION = YES;
				CLANG_WARN_CONSTANT_CONVERSION = YES;
				CLANG_WARN_DIRECT_OBJC_ISA_USAGE = YES_ERROR;
				CLANG_WARN_EMPTY_BODY = YES;
				CLANG_WARN_ENUM_CONVERSION = YES;
				CLANG_WARN_INT_CONVERSION = YES;
				CLANG_WARN_OBJC_ROOT_CLASS = YES_ERROR;
				CLANG_WARN_UNREACHABLE_CODE = YES;
				CLANG_WARN__DUPLICATE_METHOD_MATCH = YES;
				"CODE_SIGN_IDENTITY[sdk=iphoneos*]" = "iPhone Developer";
				COPY_PHASE_STRIP = NO;
				DEBUG_INFORMATION_FORMAT = "dwarf-with-dsym";
				ENABLE_NS_ASSERTIONS = NO;
				ENABLE_STRICT_OBJC_MSGSEND = YES;
				GCC_C_LANGUAGE_STANDARD = gnu99;
				GCC_NO_COMMON_BLOCKS = YES;
				GCC_WARN_64_TO_32_BIT_CONVERSION = YES;
				GCC_WARN_ABOUT_RETURN_TYPE = YES_ERROR;
				GCC_WARN_UNDECLARED_SELECTOR = YES;
				GCC_WARN_UNINITIALIZED_AUTOS = YES_AGGRESSIVE;
				GCC_WARN_UNUSED_FUNCTION = YES;
				GCC_WARN_UNUSED_VARIABLE = YES;
				IPHONEOS_DEPLOYMENT_TARGET = 8.4;
				MTL_ENABLE_DEBUG_INFO = NO;
				SDKROOT = iphoneos;
				TARGETED_DEVICE_FAMILY = "1,2";
				VALIDATE_PRODUCT = YES;
			};
			name = Release;
		};
		BEF065851B9A6B8B0043B965 /* Debug */ = {
			isa = XCBuildConfiguration;
			buildSettings = {
				ASSETCATALOG_COMPILER_APPICON_NAME = AppIcon;
				INFOPLIST_FILE = "test prepare for segue between swift and objective/Info.plist";
				LD_RUNPATH_SEARCH_PATHS = "$(inherited) @executable_path/Frameworks";
				PRODUCT_NAME = "$(TARGET_NAME)";
			};
			name = Debug;
		};
		BEF065861B9A6B8B0043B965 /* Release */ = {
			isa = XCBuildConfiguration;
			buildSettings = {
				ASSETCATALOG_COMPILER_APPICON_NAME = AppIcon;
				INFOPLIST_FILE = "test prepare for segue between swift and objective/Info.plist";
				LD_RUNPATH_SEARCH_PATHS = "$(inherited) @executable_path/Frameworks";
				PRODUCT_NAME = "$(TARGET_NAME)";
			};
			name = Release;
		};
		BEF065881B9A6B8B0043B965 /* Debug */ = {
			isa = XCBuildConfiguration;
			buildSettings = {
				BUNDLE_LOADER = "$(TEST_HOST)";
				FRAMEWORK_SEARCH_PATHS = (
					"$(SDKROOT)/Developer/Library/Frameworks",
					"$(inherited)",
				);
				GCC_PREPROCESSOR_DEFINITIONS = (
					"DEBUG=1",
					"$(inherited)",
				);
				INFOPLIST_FILE = "test prepare for segue between swift and objectiveTests/Info.plist";
				LD_RUNPATH_SEARCH_PATHS = "$(inherited) @executable_path/Frameworks @loader_path/Frameworks";
				PRODUCT_NAME = "$(TARGET_NAME)";
				TEST_HOST = "$(BUILT_PRODUCTS_DIR)/test prepare for segue between swift and objective.app/test prepare for segue between swift and objective";
			};
			name = Debug;
		};
		BEF065891B9A6B8B0043B965 /* Release */ = {
			isa = XCBuildConfiguration;
			buildSettings = {
				BUNDLE_LOADER = "$(TEST_HOST)";
				FRAMEWORK_SEARCH_PATHS = (
					"$(SDKROOT)/Developer/Library/Frameworks",
					"$(inherited)",
				);
				INFOPLIST_FILE = "test prepare for segue between swift and objectiveTests/Info.plist";
				LD_RUNPATH_SEARCH_PATHS = "$(inherited) @executable_path/Frameworks @loader_path/Frameworks";
				PRODUCT_NAME = "$(TARGET_NAME)";
				TEST_HOST = "$(BUILT_PRODUCTS_DIR)/test prepare for segue between swift and objective.app/test prepare for segue between swift and objective";
			};
			name = Release;
		};
/* End XCBuildConfiguration section */

/* Begin XCConfigurationList section */
		BEF0655C1B9A6B8B0043B965 /* Build configuration list for PBXProject "test prepare for segue between swift and objective" */ = {
			isa = XCConfigurationList;
			buildConfigurations = (
				BEF065821B9A6B8B0043B965 /* Debug */,
				BEF065831B9A6B8B0043B965 /* Release */,
			);
			defaultConfigurationIsVisible = 0;
			defaultConfigurationName = Release;
		};
		BEF065841B9A6B8B0043B965 /* Build configuration list for PBXNativeTarget "test prepare for segue between swift and objective" */ = {
			isa = XCConfigurationList;
			buildConfigurations = (
				BEF065851B9A6B8B0043B965 /* Debug */,
				BEF065861B9A6B8B0043B965 /* Release */,
			);
			defaultConfigurationIsVisible = 0;
		};
		BEF065871B9A6B8B0043B965 /* Build configuration list for PBXNativeTarget "test prepare for segue between swift and objectiveTests" */ = {
			isa = XCConfigurationList;
			buildConfigurations = (
				BEF065881B9A6B8B0043B965 /* Debug */,
				BEF065891B9A6B8B0043B965 /* Release */,
			);
			defaultConfigurationIsVisible = 0;
		};
/* End XCConfigurationList section */
	};
	rootObject = BEF065591B9A6B8B0043B965 /* Project object */;
}
