// !$*UTF8*$!
{
	archiveVersion = 1;
	classes = {
	};
	objectVersion = 46;
	objects = {

/* Begin PBXBuildFile section */
		BE3E3CE71CC514E6004ACACF /* AppDelegate.swift in Sources */ = {isa = PBXBuildFile; fileRef = BE3E3CE61CC514E6004ACACF /* AppDelegate.swift */; };
		BE3E3CE91CC514E6004ACACF /* ViewController.swift in Sources */ = {isa = PBXBuildFile; fileRef = BE3E3CE81CC514E6004ACACF /* ViewController.swift */; };
		BE3E3CEC1CC514E6004ACACF /* Main.storyboard in Resources */ = {isa = PBXBuildFile; fileRef = BE3E3CEA1CC514E6004ACACF /* Main.storyboard */; };
		BE3E3CEE1CC514E6004ACACF /* Assets.xcassets in Resources */ = {isa = PBXBuildFile; fileRef = BE3E3CED1CC514E6004ACACF /* Assets.xcassets */; };
		BE3E3CF11CC514E6004ACACF /* LaunchScreen.storyboard in Resources */ = {isa = PBXBuildFile; fileRef = BE3E3CEF1CC514E6004ACACF /* LaunchScreen.storyboard */; };
/* End PBXBuildFile section */

/* Begin PBXFileReference section */
		BE3E3CE31CC514E6004ACACF /* test return swift.app */ = {isa = PBXFileReference; explicitFileType = wrapper.application; includeInIndex = 0; path = "test return swift.app"; sourceTree = BUILT_PRODUCTS_DIR; };
		BE3E3CE61CC514E6004ACACF /* AppDelegate.swift */ = {isa = PBXFileReference; lastKnownFileType = sourcecode.swift; path = AppDelegate.swift; sourceTree = "<group>"; };
		BE3E3CE81CC514E6004ACACF /* ViewController.swift */ = {isa = PBXFileReference; lastKnownFileType = sourcecode.swift; path = ViewController.swift; sourceTree = "<group>"; };
		BE3E3CEB1CC514E6004ACACF /* Base */ = {isa = PBXFileReference; lastKnownFileType = file.storyboard; name = Base; path = Base.lproj/Main.storyboard; sourceTree = "<group>"; };
		BE3E3CED1CC514E6004ACACF /* Assets.xcassets */ = {isa = PBXFileReference; lastKnownFileType = folder.assetcatalog; path = Assets.xcassets; sourceTree = "<group>"; };
		BE3E3CF01CC514E6004ACACF /* Base */ = {isa = PBXFileReference; lastKnownFileType = file.storyboard; name = Base; path = Base.lproj/LaunchScreen.storyboard; sourceTree = "<group>"; };
		BE3E3CF21CC514E6004ACACF /* Info.plist */ = {isa = PBXFileReference; lastKnownFileType = text.plist.xml; path = Info.plist; sourceTree = "<group>"; };
/* End PBXFileReference section */

/* Begin PBXFrameworksBuildPhase section */
		BE3E3CE01CC514E6004ACACF /* Frameworks */ = {
			isa = PBXFrameworksBuildPhase;
			buildActionMask = 2147483647;
			files = (
			);
			runOnlyForDeploymentPostprocessing = 0;
		};
/* End PBXFrameworksBuildPhase section */

/* Begin PBXGroup section */
		BE3E3CDA1CC514E6004ACACF = {
			isa = PBXGroup;
			children = (
				BE3E3CE51CC514E6004ACACF /* test return swift */,
				BE3E3CE41CC514E6004ACACF /* Products */,
			);
			sourceTree = "<group>";
		};
		BE3E3CE41CC514E6004ACACF /* Products */ = {
			isa = PBXGroup;
			children = (
				BE3E3CE31CC514E6004ACACF /* test return swift.app */,
			);
			name = Products;
			sourceTree = "<group>";
		};
		BE3E3CE51CC514E6004ACACF /* test return swift */ = {
			isa = PBXGroup;
			children = (
				BE3E3CE61CC514E6004ACACF /* AppDelegate.swift */,
				BE3E3CE81CC514E6004ACACF /* ViewController.swift */,
				BE3E3CEA1CC514E6004ACACF /* Main.storyboard */,
				BE3E3CED1CC514E6004ACACF /* Assets.xcassets */,
				BE3E3CEF1CC514E6004ACACF /* LaunchScreen.storyboard */,
				BE3E3CF21CC514E6004ACACF /* Info.plist */,
			);
			path = "test return swift";
			sourceTree = "<group>";
		};
/* End PBXGroup section */

/* Begin PBXNativeTarget section */
		BE3E3CE21CC514E6004ACACF /* test return swift */ = {
			isa = PBXNativeTarget;
			buildConfigurationList = BE3E3CF51CC514E6004ACACF /* Build configuration list for PBXNativeTarget "test return swift" */;
			buildPhases = (
				BE3E3CDF1CC514E6004ACACF /* Sources */,
				BE3E3CE01CC514E6004ACACF /* Frameworks */,
				BE3E3CE11CC514E6004ACACF /* Resources */,
			);
			buildRules = (
			);
			dependencies = (
			);
			name = "test return swift";
			productName = "test return swift";
			productReference = BE3E3CE31CC514E6004ACACF /* test return swift.app */;
			productType = "com.apple.product-type.application";
		};
/* End PBXNativeTarget section */

/* Begin PBXProject section */
		BE3E3CDB1CC514E6004ACACF /* Project object */ = {
			isa = PBXProject;
			attributes = {
				LastSwiftUpdateCheck = 0730;
				LastUpgradeCheck = 0730;
				ORGANIZATIONNAME = gewill.org;
				TargetAttributes = {
					BE3E3CE21CC514E6004ACACF = {
						CreatedOnToolsVersion = 7.3;
					};
				};
			};
			buildConfigurationList = BE3E3CDE1CC514E6004ACACF /* Build configuration list for PBXProject "test return swift" */;
			compatibilityVersion = "Xcode 3.2";
			developmentRegion = English;
			hasScannedForEncodings = 0;
			knownRegions = (
				en,
				Base,
			);
			mainGroup = BE3E3CDA1CC514E6004ACACF;
			productRefGroup = BE3E3CE41CC514E6004ACACF /* Products */;
			projectDirPath = "";
			projectRoot = "";
			targets = (
				BE3E3CE21CC514E6004ACACF /* test return swift */,
			);
		};
/* End PBXProject section */

/* Begin PBXResourcesBuildPhase section */
		BE3E3CE11CC514E6004ACACF /* Resources */ = {
			isa = PBXResourcesBuildPhase;
			buildActionMask = 2147483647;
			files = (
				BE3E3CF11CC514E6004ACACF /* LaunchScreen.storyboard in Resources */,
				BE3E3CEE1CC514E6004ACACF /* Assets.xcassets in Resources */,
				BE3E3CEC1CC514E6004ACACF /* Main.storyboard in Resources */,
			);
			runOnlyForDeploymentPostprocessing = 0;
		};
/* End PBXResourcesBuildPhase section */

/* Begin PBXSourcesBuildPhase section */
		BE3E3CDF1CC514E6004ACACF /* Sources */ = {
			isa = PBXSourcesBuildPhase;
			buildActionMask = 2147483647;
			files = (
				BE3E3CE91CC514E6004ACACF /* ViewController.swift in Sources */,
				BE3E3CE71CC514E6004ACACF /* AppDelegate.swift in Sources */,
			);
			runOnlyForDeploymentPostprocessing = 0;
		};
/* End PBXSourcesBuildPhase section */

/* Begin PBXVariantGroup section */
		BE3E3CEA1CC514E6004ACACF /* Main.storyboard */ = {
			isa = PBXVariantGroup;
			children = (
				BE3E3CEB1CC514E6004ACACF /* Base */,
			);
			name = Main.storyboard;
			sourceTree = "<group>";
		};
		BE3E3CEF1CC514E6004ACACF /* LaunchScreen.storyboard */ = {
			isa = PBXVariantGroup;
			children = (
				BE3E3CF01CC514E6004ACACF /* Base */,
			);
			name = LaunchScreen.storyboard;
			sourceTree = "<group>";
		};
/* End PBXVariantGroup section */

/* Begin XCBuildConfiguration section */
		BE3E3CF31CC514E6004ACACF /* Debug */ = {
			isa = XCBuildConfiguration;
			buildSettings = {
				ALWAYS_SEARCH_USER_PATHS = NO;
				CLANG_ANALYZER_NONNULL = YES;
				CLANG_CXX_LANGUAGE_STANDARD = "gnu++0x";
				CLANG_CXX_LIBRARY = "libc++";
				CLANG_ENABLE_MODULES = YES;
				CLANG_ENABLE_OBJC_ARC = YES;
				CLANG_WARN_BOOL_CONVERSION = YES;
				CLANG_WARN_CONSTANT_CONVERSION = YES;
				CLANG_WARN_DIRECT_OBJC_ISA_USAGE = YES_ERROR;
				CLANG_WARN_EMPTY_BODY = YES;
				CLANG_WARN_ENUM_CONVERSION = YES;
				CLANG_WARN_INT_CONVERSION = YES;
				CLANG_WARN_OBJC_ROOT_CLASS = YES_ERROR;
				CLANG_WARN_UNREACHABLE_CODE = YES;
				CLANG_WARN__DUPLICATE_METHOD_MATCH = YES;
				"CODE_SIGN_IDENTITY[sdk=iphoneos*]" = "iPhone Developer";
				COPY_PHASE_STRIP = NO;
				DEBUG_INFORMATION_FORMAT = dwarf;
				ENABLE_STRICT_OBJC_MSGSEND = YES;
				ENABLE_TESTABILITY = YES;
				GCC_C_LANGUAGE_STANDARD = gnu99;
				GCC_DYNAMIC_NO_PIC = NO;
				GCC_NO_COMMON_BLOCKS = YES;
				GCC_OPTIMIZATION_LEVEL = 0;
				GCC_PREPROCESSOR_DEFINITIONS = (
					"DEBUG=1",
					"$(inherited)",
				);
				GCC_WARN_64_TO_32_BIT_CONVERSION = YES;
				GCC_WARN_ABOUT_RETURN_TYPE = YES_ERROR;
				GCC_WARN_UNDECLARED_SELECTOR = YES;
				GCC_WARN_UNINITIALIZED_AUTOS = YES_AGGRESSIVE;
				GCC_WARN_UNUSED_FUNCTION = YES;
				GCC_WARN_UNUSED_VARIABLE = YES;
				IPHONEOS_DEPLOYMENT_TARGET = 9.3;
				MTL_ENABLE_DEBUG_INFO = YES;
				ONLY_ACTIVE_ARCH = YES;
				SDKROOT = iphoneos;
				SWIFT_OPTIMIZATION_LEVEL = "-Onone";
			};
			name = Debug;
		};
		BE3E3CF41CC514E6004ACACF /* Release */ = {
			isa = XCBuildConfiguration;
			buildSettings = {
				ALWAYS_SEARCH_USER_PATHS = NO;
				CLANG_ANALYZER_NONNULL = YES;
				CLANG_CXX_LANGUAGE_STANDARD = "gnu++0x";
				CLANG_CXX_LIBRARY = "libc++";
				CLANG_ENABLE_MODULES = YES;
				CLANG_ENABLE_OBJC_ARC = YES;
				CLANG_WARN_BOOL_CONVERSION = YES;
				CLANG_WARN_CONSTANT_CONVERSION = YES;
				CLANG_WARN_DIRECT_OBJC_ISA_USAGE = YES_ERROR;
				CLANG_WARN_EMPTY_BODY = YES;
				CLANG_WARN_ENUM_CONVERSION = YES;
				CLANG_WARN_INT_CONVERSION = YES;
				CLANG_WARN_OBJC_ROOT_CLASS = YES_ERROR;
				CLANG_WARN_UNREACHABLE_CODE = YES;
				CLANG_WARN__DUPLICATE_METHOD_MATCH = YES;
				"CODE_SIGN_IDENTITY[sdk=iphoneos*]" = "iPhone Developer";
				COPY_PHASE_STRIP = NO;
				DEBUG_INFORMATION_FORMAT = "dwarf-with-dsym";
				ENABLE_NS_ASSERTIONS = NO;
				ENABLE_STRICT_OBJC_MSGSEND = YES;
				GCC_C_LANGUAGE_STANDARD = gnu99;
				GCC_NO_COMMON_BLOCKS = YES;
				GCC_WARN_64_TO_32_BIT_CONVERSION = YES;
				GCC_WARN_ABOUT_RETURN_TYPE = YES_ERROR;
				GCC_WARN_UNDECLARED_SELECTOR = YES;
				GCC_WARN_UNINITIALIZED_AUTOS = YES_AGGRESSIVE;
				GCC_WARN_UNUSED_FUNCTION = YES;
				GCC_WARN_UNUSED_VARIABLE = YES;
				IPHONEOS_DEPLOYMENT_TARGET = 9.3;
				MTL_ENABLE_DEBUG_INFO = NO;
				SDKROOT = iphoneos;
				VALIDATE_PRODUCT = YES;
			};
			name = Release;
		};
		BE3E3CF61CC514E6004ACACF /* Debug */ = {
			isa = XCBuildConfiguration;
			buildSettings = {
				ASSETCATALOG_COMPILER_APPICON_NAME = AppIcon;
				INFOPLIST_FILE = "test return swift/Info.plist";
				LD_RUNPATH_SEARCH_PATHS = "$(inherited) @executable_path/Frameworks";
				PRODUCT_BUNDLE_IDENTIFIER = "org.gewill.test-return-swift";
				PRODUCT_NAME = "$(TARGET_NAME)";
			};
			name = Debug;
		};
		BE3E3CF71CC514E6004ACACF /* Release */ = {
			isa = XCBuildConfiguration;
			buildSettings = {
				ASSETCATALOG_COMPILER_APPICON_NAME = AppIcon;
				INFOPLIST_FILE = "test return swift/Info.plist";
				LD_RUNPATH_SEARCH_PATHS = "$(inherited) @executable_path/Frameworks";
				PRODUCT_BUNDLE_IDENTIFIER = "org.gewill.test-return-swift";
				PRODUCT_NAME = "$(TARGET_NAME)";
			};
			name = Release;
		};
/* End XCBuildConfiguration section */

/* Begin XCConfigurationList section */
		BE3E3CDE1CC514E6004ACACF /* Build configuration list for PBXProject "test return swift" */ = {
			isa = XCConfigurationList;
			buildConfigurations = (
				BE3E3CF31CC514E6004ACACF /* Debug */,
				BE3E3CF41CC514E6004ACACF /* Release */,
			);
			defaultConfigurationIsVisible = 0;
			defaultConfigurationName = Release;
		};
		BE3E3CF51CC514E6004ACACF /* Build configuration list for PBXNativeTarget "test return swift" */ = {
			isa = XCConfigurationList;
			buildConfigurations = (
				BE3E3CF61CC514E6004ACACF /* Debug */,
				BE3E3CF71CC514E6004ACACF /* Release */,
			);
			defaultConfigurationIsVisible = 0;
		};
/* End XCConfigurationList section */
	};
	rootObject = BE3E3CDB1CC514E6004ACACF /* Project object */;
}
