// !$*UTF8*$!
{
	archiveVersion = 1;
	classes = {
	};
	objectVersion = 46;
	objects = {

/* Begin PBXBuildFile section */
		BE804A1F1CDC7AA500EFE020 /* AppDelegate.swift in Sources */ = {isa = PBXBuildFile; fileRef = BE804A1E1CDC7AA500EFE020 /* AppDelegate.swift */; };
		BE804A211CDC7AA500EFE020 /* ViewController.swift in Sources */ = {isa = PBXBuildFile; fileRef = BE804A201CDC7AA500EFE020 /* ViewController.swift */; };
		BE804A241CDC7AA500EFE020 /* Main.storyboard in Resources */ = {isa = PBXBuildFile; fileRef = BE804A221CDC7AA500EFE020 /* Main.storyboard */; };
		BE804A261CDC7AA500EFE020 /* Assets.xcassets in Resources */ = {isa = PBXBuildFile; fileRef = BE804A251CDC7AA500EFE020 /* Assets.xcassets */; };
		BE804A291CDC7AA500EFE020 /* LaunchScreen.storyboard in Resources */ = {isa = PBXBuildFile; fileRef = BE804A271CDC7AA500EFE020 /* LaunchScreen.storyboard */; };
		BE804A311CDC7AAC00EFE020 /* SwiftyJSON.swift in Sources */ = {isa = PBXBuildFile; fileRef = BE804A301CDC7AAC00EFE020 /* SwiftyJSON.swift */; };
/* End PBXBuildFile section */

/* Begin PBXFileReference section */
		BE804A1B1CDC7AA500EFE020 /* test SwiftyJSON.app */ = {isa = PBXFileReference; explicitFileType = wrapper.application; includeInIndex = 0; path = "test SwiftyJSON.app"; sourceTree = BUILT_PRODUCTS_DIR; };
		BE804A1E1CDC7AA500EFE020 /* AppDelegate.swift */ = {isa = PBXFileReference; lastKnownFileType = sourcecode.swift; path = AppDelegate.swift; sourceTree = "<group>"; };
		BE804A201CDC7AA500EFE020 /* ViewController.swift */ = {isa = PBXFileReference; lastKnownFileType = sourcecode.swift; path = ViewController.swift; sourceTree = "<group>"; };
		BE804A231CDC7AA500EFE020 /* Base */ = {isa = PBXFileReference; lastKnownFileType = file.storyboard; name = Base; path = Base.lproj/Main.storyboard; sourceTree = "<group>"; };
		BE804A251CDC7AA500EFE020 /* Assets.xcassets */ = {isa = PBXFileReference; lastKnownFileType = folder.assetcatalog; path = Assets.xcassets; sourceTree = "<group>"; };
		BE804A281CDC7AA500EFE020 /* Base */ = {isa = PBXFileReference; lastKnownFileType = file.storyboard; name = Base; path = Base.lproj/LaunchScreen.storyboard; sourceTree = "<group>"; };
		BE804A2A1CDC7AA500EFE020 /* Info.plist */ = {isa = PBXFileReference; lastKnownFileType = text.plist.xml; path = Info.plist; sourceTree = "<group>"; };
		BE804A301CDC7AAC00EFE020 /* SwiftyJSON.swift */ = {isa = PBXFileReference; fileEncoding = 4; lastKnownFileType = sourcecode.swift; path = SwiftyJSON.swift; sourceTree = "<group>"; };
/* End PBXFileReference section */

/* Begin PBXFrameworksBuildPhase section */
		BE804A181CDC7AA500EFE020 /* Frameworks */ = {
			isa = PBXFrameworksBuildPhase;
			buildActionMask = 2147483647;
			files = (
			);
			runOnlyForDeploymentPostprocessing = 0;
		};
/* End PBXFrameworksBuildPhase section */

/* Begin PBXGroup section */
		BE804A121CDC7AA500EFE020 = {
			isa = PBXGroup;
			children = (
				BE804A1D1CDC7AA500EFE020 /* test SwiftyJSON */,
				BE804A1C1CDC7AA500EFE020 /* Products */,
			);
			sourceTree = "<group>";
		};
		BE804A1C1CDC7AA500EFE020 /* Products */ = {
			isa = PBXGroup;
			children = (
				BE804A1B1CDC7AA500EFE020 /* test SwiftyJSON.app */,
			);
			name = Products;
			sourceTree = "<group>";
		};
		BE804A1D1CDC7AA500EFE020 /* test SwiftyJSON */ = {
			isa = PBXGroup;
			children = (
				BE804A1E1CDC7AA500EFE020 /* AppDelegate.swift */,
				BE804A201CDC7AA500EFE020 /* ViewController.swift */,
				BE804A301CDC7AAC00EFE020 /* SwiftyJSON.swift */,
				BE804A221CDC7AA500EFE020 /* Main.storyboard */,
				BE804A251CDC7AA500EFE020 /* Assets.xcassets */,
				BE804A271CDC7AA500EFE020 /* LaunchScreen.storyboard */,
				BE804A2A1CDC7AA500EFE020 /* Info.plist */,
			);
			path = "test SwiftyJSON";
			sourceTree = "<group>";
		};
/* End PBXGroup section */

/* Begin PBXNativeTarget section */
		BE804A1A1CDC7AA500EFE020 /* test SwiftyJSON */ = {
			isa = PBXNativeTarget;
			buildConfigurationList = BE804A2D1CDC7AA500EFE020 /* Build configuration list for PBXNativeTarget "test SwiftyJSON" */;
			buildPhases = (
				BE804A171CDC7AA500EFE020 /* Sources */,
				BE804A181CDC7AA500EFE020 /* Frameworks */,
				BE804A191CDC7AA500EFE020 /* Resources */,
			);
			buildRules = (
			);
			dependencies = (
			);
			name = "test SwiftyJSON";
			productName = "test SwiftyJSON";
			productReference = BE804A1B1CDC7AA500EFE020 /* test SwiftyJSON.app */;
			productType = "com.apple.product-type.application";
		};
/* End PBXNativeTarget section */

/* Begin PBXProject section */
		BE804A131CDC7AA500EFE020 /* Project object */ = {
			isa = PBXProject;
			attributes = {
				LastSwiftUpdateCheck = 0730;
				LastUpgradeCheck = 0730;
				ORGANIZATIONNAME = gewill.org;
				TargetAttributes = {
					BE804A1A1CDC7AA500EFE020 = {
						CreatedOnToolsVersion = 7.3.1;
					};
				};
			};
			buildConfigurationList = BE804A161CDC7AA500EFE020 /* Build configuration list for PBXProject "test SwiftyJSON" */;
			compatibilityVersion = "Xcode 3.2";
			developmentRegion = English;
			hasScannedForEncodings = 0;
			knownRegions = (
				en,
				Base,
			);
			mainGroup = BE804A121CDC7AA500EFE020;
			productRefGroup = BE804A1C1CDC7AA500EFE020 /* Products */;
			projectDirPath = "";
			projectRoot = "";
			targets = (
				BE804A1A1CDC7AA500EFE020 /* test SwiftyJSON */,
			);
		};
/* End PBXProject section */

/* Begin PBXResourcesBuildPhase section */
		BE804A191CDC7AA500EFE020 /* Resources */ = {
			isa = PBXResourcesBuildPhase;
			buildActionMask = 2147483647;
			files = (
				BE804A291CDC7AA500EFE020 /* LaunchScreen.storyboard in Resources */,
				BE804A261CDC7AA500EFE020 /* Assets.xcassets in Resources */,
				BE804A241CDC7AA500EFE020 /* Main.storyboard in Resources */,
			);
			runOnlyForDeploymentPostprocessing = 0;
		};
/* End PBXResourcesBuildPhase section */

/* Begin PBXSourcesBuildPhase section */
		BE804A171CDC7AA500EFE020 /* Sources */ = {
			isa = PBXSourcesBuildPhase;
			buildActionMask = 2147483647;
			files = (
				BE804A311CDC7AAC00EFE020 /* SwiftyJSON.swift in Sources */,
				BE804A211CDC7AA500EFE020 /* ViewController.swift in Sources */,
				BE804A1F1CDC7AA500EFE020 /* AppDelegate.swift in Sources */,
			);
			runOnlyForDeploymentPostprocessing = 0;
		};
/* End PBXSourcesBuildPhase section */

/* Begin PBXVariantGroup section */
		BE804A221CDC7AA500EFE020 /* Main.storyboard */ = {
			isa = PBXVariantGroup;
			children = (
				BE804A231CDC7AA500EFE020 /* Base */,
			);
			name = Main.storyboard;
			sourceTree = "<group>";
		};
		BE804A271CDC7AA500EFE020 /* LaunchScreen.storyboard */ = {
			isa = PBXVariantGroup;
			children = (
				BE804A281CDC7AA500EFE020 /* Base */,
			);
			name = LaunchScreen.storyboard;
			sourceTree = "<group>";
		};
/* End PBXVariantGroup section */

/* Begin XCBuildConfiguration section */
		BE804A2B1CDC7AA500EFE020 /* Debug */ = {
			isa = XCBuildConfiguration;
			buildSettings = {
				ALWAYS_SEARCH_USER_PATHS = NO;
				CLANG_ANALYZER_NONNULL = YES;
				CLANG_CXX_LANGUAGE_STANDARD = "gnu++0x";
				CLANG_CXX_LIBRARY = "libc++";
				CLANG_ENABLE_MODULES = YES;
				CLANG_ENABLE_OBJC_ARC = YES;
				CLANG_WARN_BOOL_CONVERSION = YES;
				CLANG_WARN_CONSTANT_CONVERSION = YES;
				CLANG_WARN_DIRECT_OBJC_ISA_USAGE = YES_ERROR;
				CLANG_WARN_EMPTY_BODY = YES;
				CLANG_WARN_ENUM_CONVERSION = YES;
				CLANG_WARN_INT_CONVERSION = YES;
				CLANG_WARN_OBJC_ROOT_CLASS = YES_ERROR;
				CLANG_WARN_UNREACHABLE_CODE = YES;
				CLANG_WARN__DUPLICATE_METHOD_MATCH = YES;
				"CODE_SIGN_IDENTITY[sdk=iphoneos*]" = "iPhone Developer";
				COPY_PHASE_STRIP = NO;
				DEBUG_INFORMATION_FORMAT = dwarf;
				ENABLE_STRICT_OBJC_MSGSEND = YES;
				ENABLE_TESTABILITY = YES;
				GCC_C_LANGUAGE_STANDARD = gnu99;
				GCC_DYNAMIC_NO_PIC = NO;
				GCC_NO_COMMON_BLOCKS = YES;
				GCC_OPTIMIZATION_LEVEL = 0;
				GCC_PREPROCESSOR_DEFINITIONS = (
					"DEBUG=1",
					"$(inherited)",
				);
				GCC_WARN_64_TO_32_BIT_CONVERSION = YES;
				GCC_WARN_ABOUT_RETURN_TYPE = YES_ERROR;
				GCC_WARN_UNDECLARED_SELECTOR = YES;
				GCC_WARN_UNINITIALIZED_AUTOS = YES_AGGRESSIVE;
				GCC_WARN_UNUSED_FUNCTION = YES;
				GCC_WARN_UNUSED_VARIABLE = YES;
				IPHONEOS_DEPLOYMENT_TARGET = 9.3;
				MTL_ENABLE_DEBUG_INFO = YES;
				ONLY_ACTIVE_ARCH = YES;
				SDKROOT = iphoneos;
				SWIFT_OPTIMIZATION_LEVEL = "-Onone";
			};
			name = Debug;
		};
		BE804A2C1CDC7AA500EFE020 /* Release */ = {
			isa = XCBuildConfiguration;
			buildSettings = {
				ALWAYS_SEARCH_USER_PATHS = NO;
				CLANG_ANALYZER_NONNULL = YES;
				CLANG_CXX_LANGUAGE_STANDARD = "gnu++0x";
				CLANG_CXX_LIBRARY = "libc++";
				CLANG_ENABLE_MODULES = YES;
				CLANG_ENABLE_OBJC_ARC = YES;
				CLANG_WARN_BOOL_CONVERSION = YES;
				CLANG_WARN_CONSTANT_CONVERSION = YES;
				CLANG_WARN_DIRECT_OBJC_ISA_USAGE = YES_ERROR;
				CLANG_WARN_EMPTY_BODY = YES;
				CLANG_WARN_ENUM_CONVERSION = YES;
				CLANG_WARN_INT_CONVERSION = YES;
				CLANG_WARN_OBJC_ROOT_CLASS = YES_ERROR;
				CLANG_WARN_UNREACHABLE_CODE = YES;
				CLANG_WARN__DUPLICATE_METHOD_MATCH = YES;
				"CODE_SIGN_IDENTITY[sdk=iphoneos*]" = "iPhone Developer";
				COPY_PHASE_STRIP = NO;
				DEBUG_INFORMATION_FORMAT = "dwarf-with-dsym";
				ENABLE_NS_ASSERTIONS = NO;
				ENABLE_STRICT_OBJC_MSGSEND = YES;
				GCC_C_LANGUAGE_STANDARD = gnu99;
				GCC_NO_COMMON_BLOCKS = YES;
				GCC_WARN_64_TO_32_BIT_CONVERSION = YES;
				GCC_WARN_ABOUT_RETURN_TYPE = YES_ERROR;
				GCC_WARN_UNDECLARED_SELECTOR = YES;
				GCC_WARN_UNINITIALIZED_AUTOS = YES_AGGRESSIVE;
				GCC_WARN_UNUSED_FUNCTION = YES;
				GCC_WARN_UNUSED_VARIABLE = YES;
				IPHONEOS_DEPLOYMENT_TARGET = 9.3;
				MTL_ENABLE_DEBUG_INFO = NO;
				SDKROOT = iphoneos;
				VALIDATE_PRODUCT = YES;
			};
			name = Release;
		};
		BE804A2E1CDC7AA500EFE020 /* Debug */ = {
			isa = XCBuildConfiguration;
			buildSettings = {
				ASSETCATALOG_COMPILER_APPICON_NAME = AppIcon;
				INFOPLIST_FILE = "test SwiftyJSON/Info.plist";
				LD_RUNPATH_SEARCH_PATHS = "$(inherited) @executable_path/Frameworks";
				PRODUCT_BUNDLE_IDENTIFIER = "org.gewill.test-SwiftyJSON";
				PRODUCT_NAME = "$(TARGET_NAME)";
			};
			name = Debug;
		};
		BE804A2F1CDC7AA500EFE020 /* Release */ = {
			isa = XCBuildConfiguration;
			buildSettings = {
				ASSETCATALOG_COMPILER_APPICON_NAME = AppIcon;
				INFOPLIST_FILE = "test SwiftyJSON/Info.plist";
				LD_RUNPATH_SEARCH_PATHS = "$(inherited) @executable_path/Frameworks";
				PRODUCT_BUNDLE_IDENTIFIER = "org.gewill.test-SwiftyJSON";
				PRODUCT_NAME = "$(TARGET_NAME)";
			};
			name = Release;
		};
/* End XCBuildConfiguration section */

/* Begin XCConfigurationList section */
		BE804A161CDC7AA500EFE020 /* Build configuration list for PBXProject "test SwiftyJSON" */ = {
			isa = XCConfigurationList;
			buildConfigurations = (
				BE804A2B1CDC7AA500EFE020 /* Debug */,
				BE804A2C1CDC7AA500EFE020 /* Release */,
			);
			defaultConfigurationIsVisible = 0;
			defaultConfigurationName = Release;
		};
		BE804A2D1CDC7AA500EFE020 /* Build configuration list for PBXNativeTarget "test SwiftyJSON" */ = {
			isa = XCConfigurationList;
			buildConfigurations = (
				BE804A2E1CDC7AA500EFE020 /* Debug */,
				BE804A2F1CDC7AA500EFE020 /* Release */,
			);
			defaultConfigurationIsVisible = 0;
		};
/* End XCConfigurationList section */
	};
	rootObject = BE804A131CDC7AA500EFE020 /* Project object */;
}
