// !$*UTF8*$!
{
	archiveVersion = 1;
	classes = {
	};
	objectVersion = 46;
	objects = {

/* Begin PBXBuildFile section */
		BE3E3CF91CC60AC0004ACACF /* JLXTimeHelper.swift in Sources */ = {isa = PBXBuildFile; fileRef = BE3E3CF81CC60AC0004ACACF /* JLXTimeHelper.swift */; };
		BEC4C4061CC0ECF400E26905 /* AppDelegate.swift in Sources */ = {isa = PBXBuildFile; fileRef = BEC4C4051CC0ECF400E26905 /* AppDelegate.swift */; };
		BEC4C40D1CC0ECF400E26905 /* Assets.xcassets in Resources */ = {isa = PBXBuildFile; fileRef = BEC4C40C1CC0ECF400E26905 /* Assets.xcassets */; };
		BEC4C4101CC0ECF400E26905 /* LaunchScreen.storyboard in Resources */ = {isa = PBXBuildFile; fileRef = BEC4C40E1CC0ECF400E26905 /* LaunchScreen.storyboard */; };
		BEC4C4181CC0EEFA00E26905 /* JLXPreviewView.swift in Sources */ = {isa = PBXBuildFile; fileRef = BEC4C4171CC0EEFA00E26905 /* JLXPreviewView.swift */; };
		BEC4C41B1CC0F1D300E26905 /* JLXCameraViewController.swift in Sources */ = {isa = PBXBuildFile; fileRef = BEC4C4191CC0F1D300E26905 /* JLXCameraViewController.swift */; };
		BEC4C41C1CC0F1D300E26905 /* JLXCameraViewController.xib in Resources */ = {isa = PBXBuildFile; fileRef = BEC4C41A1CC0F1D300E26905 /* JLXCameraViewController.xib */; };
/* End PBXBuildFile section */

/* Begin PBXFileReference section */
		BE3E3CF81CC60AC0004ACACF /* JLXTimeHelper.swift */ = {isa = PBXFileReference; fileEncoding = 4; lastKnownFileType = sourcecode.swift; path = JLXTimeHelper.swift; sourceTree = "<group>"; };
		BEC4C4021CC0ECF400E26905 /* test AVCam.app */ = {isa = PBXFileReference; explicitFileType = wrapper.application; includeInIndex = 0; path = "test AVCam.app"; sourceTree = BUILT_PRODUCTS_DIR; };
		BEC4C4051CC0ECF400E26905 /* AppDelegate.swift */ = {isa = PBXFileReference; lastKnownFileType = sourcecode.swift; path = AppDelegate.swift; sourceTree = "<group>"; };
		BEC4C40C1CC0ECF400E26905 /* Assets.xcassets */ = {isa = PBXFileReference; lastKnownFileType = folder.assetcatalog; path = Assets.xcassets; sourceTree = "<group>"; };
		BEC4C40F1CC0ECF400E26905 /* Base */ = {isa = PBXFileReference; lastKnownFileType = file.storyboard; name = Base; path = Base.lproj/LaunchScreen.storyboard; sourceTree = "<group>"; };
		BEC4C4111CC0ECF400E26905 /* Info.plist */ = {isa = PBXFileReference; lastKnownFileType = text.plist.xml; path = Info.plist; sourceTree = "<group>"; };
		BEC4C4171CC0EEFA00E26905 /* JLXPreviewView.swift */ = {isa = PBXFileReference; fileEncoding = 4; lastKnownFileType = sourcecode.swift; path = JLXPreviewView.swift; sourceTree = "<group>"; };
		BEC4C4191CC0F1D300E26905 /* JLXCameraViewController.swift */ = {isa = PBXFileReference; fileEncoding = 4; lastKnownFileType = sourcecode.swift; path = JLXCameraViewController.swift; sourceTree = "<group>"; };
		BEC4C41A1CC0F1D300E26905 /* JLXCameraViewController.xib */ = {isa = PBXFileReference; fileEncoding = 4; lastKnownFileType = file.xib; path = JLXCameraViewController.xib; sourceTree = "<group>"; };
/* End PBXFileReference section */

/* Begin PBXFrameworksBuildPhase section */
		BEC4C3FF1CC0ECF400E26905 /* Frameworks */ = {
			isa = PBXFrameworksBuildPhase;
			buildActionMask = 2147483647;
			files = (
			);
			runOnlyForDeploymentPostprocessing = 0;
		};
/* End PBXFrameworksBuildPhase section */

/* Begin PBXGroup section */
		BEC4C3F91CC0ECF400E26905 = {
			isa = PBXGroup;
			children = (
				BEC4C4041CC0ECF400E26905 /* test AVCam */,
				BEC4C4031CC0ECF400E26905 /* Products */,
			);
			sourceTree = "<group>";
		};
		BEC4C4031CC0ECF400E26905 /* Products */ = {
			isa = PBXGroup;
			children = (
				BEC4C4021CC0ECF400E26905 /* test AVCam.app */,
			);
			name = Products;
			sourceTree = "<group>";
		};
		BEC4C4041CC0ECF400E26905 /* test AVCam */ = {
			isa = PBXGroup;
			children = (
				BEC4C4051CC0ECF400E26905 /* AppDelegate.swift */,
				BEC4C4171CC0EEFA00E26905 /* JLXPreviewView.swift */,
				BEC4C4191CC0F1D300E26905 /* JLXCameraViewController.swift */,
				BEC4C41A1CC0F1D300E26905 /* JLXCameraViewController.xib */,
				BE3E3CF81CC60AC0004ACACF /* JLXTimeHelper.swift */,
				BEC4C40C1CC0ECF400E26905 /* Assets.xcassets */,
				BEC4C40E1CC0ECF400E26905 /* LaunchScreen.storyboard */,
				BEC4C4111CC0ECF400E26905 /* Info.plist */,
			);
			path = "test AVCam";
			sourceTree = "<group>";
		};
/* End PBXGroup section */

/* Begin PBXNativeTarget section */
		BEC4C4011CC0ECF400E26905 /* test AVCam */ = {
			isa = PBXNativeTarget;
			buildConfigurationList = BEC4C4141CC0ECF400E26905 /* Build configuration list for PBXNativeTarget "test AVCam" */;
			buildPhases = (
				BEC4C3FE1CC0ECF400E26905 /* Sources */,
				BEC4C3FF1CC0ECF400E26905 /* Frameworks */,
				BEC4C4001CC0ECF400E26905 /* Resources */,
			);
			buildRules = (
			);
			dependencies = (
			);
			name = "test AVCam";
			productName = "test AVCam";
			productReference = BEC4C4021CC0ECF400E26905 /* test AVCam.app */;
			productType = "com.apple.product-type.application";
		};
/* End PBXNativeTarget section */

/* Begin PBXProject section */
		BEC4C3FA1CC0ECF400E26905 /* Project object */ = {
			isa = PBXProject;
			attributes = {
				LastSwiftUpdateCheck = 0730;
				LastUpgradeCheck = 0730;
				ORGANIZATIONNAME = gewill.org;
				TargetAttributes = {
					BEC4C4011CC0ECF400E26905 = {
						CreatedOnToolsVersion = 7.3;
						DevelopmentTeam = RLK76T8Y89;
					};
				};
			};
			buildConfigurationList = BEC4C3FD1CC0ECF400E26905 /* Build configuration list for PBXProject "test AVCam" */;
			compatibilityVersion = "Xcode 3.2";
			developmentRegion = English;
			hasScannedForEncodings = 0;
			knownRegions = (
				en,
				Base,
			);
			mainGroup = BEC4C3F91CC0ECF400E26905;
			productRefGroup = BEC4C4031CC0ECF400E26905 /* Products */;
			projectDirPath = "";
			projectRoot = "";
			targets = (
				BEC4C4011CC0ECF400E26905 /* test AVCam */,
			);
		};
/* End PBXProject section */

/* Begin PBXResourcesBuildPhase section */
		BEC4C4001CC0ECF400E26905 /* Resources */ = {
			isa = PBXResourcesBuildPhase;
			buildActionMask = 2147483647;
			files = (
				BEC4C4101CC0ECF400E26905 /* LaunchScreen.storyboard in Resources */,
				BEC4C40D1CC0ECF400E26905 /* Assets.xcassets in Resources */,
				BEC4C41C1CC0F1D300E26905 /* JLXCameraViewController.xib in Resources */,
			);
			runOnlyForDeploymentPostprocessing = 0;
		};
/* End PBXResourcesBuildPhase section */

/* Begin PBXSourcesBuildPhase section */
		BEC4C3FE1CC0ECF400E26905 /* Sources */ = {
			isa = PBXSourcesBuildPhase;
			buildActionMask = 2147483647;
			files = (
				BEC4C41B1CC0F1D300E26905 /* JLXCameraViewController.swift in Sources */,
				BEC4C4181CC0EEFA00E26905 /* JLXPreviewView.swift in Sources */,
				BEC4C4061CC0ECF400E26905 /* AppDelegate.swift in Sources */,
				BE3E3CF91CC60AC0004ACACF /* JLXTimeHelper.swift in Sources */,
			);
			runOnlyForDeploymentPostprocessing = 0;
		};
/* End PBXSourcesBuildPhase section */

/* Begin PBXVariantGroup section */
		BEC4C40E1CC0ECF400E26905 /* LaunchScreen.storyboard */ = {
			isa = PBXVariantGroup;
			children = (
				BEC4C40F1CC0ECF400E26905 /* Base */,
			);
			name = LaunchScreen.storyboard;
			sourceTree = "<group>";
		};
/* End PBXVariantGroup section */

/* Begin XCBuildConfiguration section */
		BEC4C4121CC0ECF400E26905 /* Debug */ = {
			isa = XCBuildConfiguration;
			buildSettings = {
				ALWAYS_SEARCH_USER_PATHS = NO;
				CLANG_ANALYZER_NONNULL = YES;
				CLANG_CXX_LANGUAGE_STANDARD = "gnu++0x";
				CLANG_CXX_LIBRARY = "libc++";
				CLANG_ENABLE_MODULES = YES;
				CLANG_ENABLE_OBJC_ARC = YES;
				CLANG_WARN_BOOL_CONVERSION = YES;
				CLANG_WARN_CONSTANT_CONVERSION = YES;
				CLANG_WARN_DIRECT_OBJC_ISA_USAGE = YES_ERROR;
				CLANG_WARN_EMPTY_BODY = YES;
				CLANG_WARN_ENUM_CONVERSION = YES;
				CLANG_WARN_INT_CONVERSION = YES;
				CLANG_WARN_OBJC_ROOT_CLASS = YES_ERROR;
				CLANG_WARN_UNREACHABLE_CODE = YES;
				CLANG_WARN__DUPLICATE_METHOD_MATCH = YES;
				"CODE_SIGN_IDENTITY[sdk=iphoneos*]" = "iPhone Developer";
				COPY_PHASE_STRIP = NO;
				DEBUG_INFORMATION_FORMAT = dwarf;
				ENABLE_STRICT_OBJC_MSGSEND = YES;
				ENABLE_TESTABILITY = YES;
				GCC_C_LANGUAGE_STANDARD = gnu99;
				GCC_DYNAMIC_NO_PIC = NO;
				GCC_NO_COMMON_BLOCKS = YES;
				GCC_OPTIMIZATION_LEVEL = 0;
				GCC_PREPROCESSOR_DEFINITIONS = (
					"DEBUG=1",
					"$(inherited)",
				);
				GCC_WARN_64_TO_32_BIT_CONVERSION = YES;
				GCC_WARN_ABOUT_RETURN_TYPE = YES_ERROR;
				GCC_WARN_UNDECLARED_SELECTOR = YES;
				GCC_WARN_UNINITIALIZED_AUTOS = YES_AGGRESSIVE;
				GCC_WARN_UNUSED_FUNCTION = YES;
				GCC_WARN_UNUSED_VARIABLE = YES;
				IPHONEOS_DEPLOYMENT_TARGET = 9.3;
				MTL_ENABLE_DEBUG_INFO = YES;
				ONLY_ACTIVE_ARCH = YES;
				SDKROOT = iphoneos;
				SWIFT_OPTIMIZATION_LEVEL = "-Onone";
			};
			name = Debug;
		};
		BEC4C4131CC0ECF400E26905 /* Release */ = {
			isa = XCBuildConfiguration;
			buildSettings = {
				ALWAYS_SEARCH_USER_PATHS = NO;
				CLANG_ANALYZER_NONNULL = YES;
				CLANG_CXX_LANGUAGE_STANDARD = "gnu++0x";
				CLANG_CXX_LIBRARY = "libc++";
				CLANG_ENABLE_MODULES = YES;
				CLANG_ENABLE_OBJC_ARC = YES;
				CLANG_WARN_BOOL_CONVERSION = YES;
				CLANG_WARN_CONSTANT_CONVERSION = YES;
				CLANG_WARN_DIRECT_OBJC_ISA_USAGE = YES_ERROR;
				CLANG_WARN_EMPTY_BODY = YES;
				CLANG_WARN_ENUM_CONVERSION = YES;
				CLANG_WARN_INT_CONVERSION = YES;
				CLANG_WARN_OBJC_ROOT_CLASS = YES_ERROR;
				CLANG_WARN_UNREACHABLE_CODE = YES;
				CLANG_WARN__DUPLICATE_METHOD_MATCH = YES;
				"CODE_SIGN_IDENTITY[sdk=iphoneos*]" = "iPhone Developer";
				COPY_PHASE_STRIP = NO;
				DEBUG_INFORMATION_FORMAT = "dwarf-with-dsym";
				ENABLE_NS_ASSERTIONS = NO;
				ENABLE_STRICT_OBJC_MSGSEND = YES;
				GCC_C_LANGUAGE_STANDARD = gnu99;
				GCC_NO_COMMON_BLOCKS = YES;
				GCC_WARN_64_TO_32_BIT_CONVERSION = YES;
				GCC_WARN_ABOUT_RETURN_TYPE = YES_ERROR;
				GCC_WARN_UNDECLARED_SELECTOR = YES;
				GCC_WARN_UNINITIALIZED_AUTOS = YES_AGGRESSIVE;
				GCC_WARN_UNUSED_FUNCTION = YES;
				GCC_WARN_UNUSED_VARIABLE = YES;
				IPHONEOS_DEPLOYMENT_TARGET = 9.3;
				MTL_ENABLE_DEBUG_INFO = NO;
				SDKROOT = iphoneos;
				VALIDATE_PRODUCT = YES;
			};
			name = Release;
		};
		BEC4C4151CC0ECF400E26905 /* Debug */ = {
			isa = XCBuildConfiguration;
			buildSettings = {
				ASSETCATALOG_COMPILER_APPICON_NAME = AppIcon;
				CLANG_ENABLE_MODULES = YES;
				CODE_SIGN_IDENTITY = "iPhone Developer";
				INFOPLIST_FILE = "test AVCam/Info.plist";
				IPHONEOS_DEPLOYMENT_TARGET = 7.0;
				LD_RUNPATH_SEARCH_PATHS = "$(inherited) @executable_path/Frameworks";
				PRODUCT_BUNDLE_IDENTIFIER = "org.gewill.test-AVCam7";
				PRODUCT_NAME = "$(TARGET_NAME)";
				SWIFT_OPTIMIZATION_LEVEL = "-Onone";
			};
			name = Debug;
		};
		BEC4C4161CC0ECF400E26905 /* Release */ = {
			isa = XCBuildConfiguration;
			buildSettings = {
				ASSETCATALOG_COMPILER_APPICON_NAME = AppIcon;
				CLANG_ENABLE_MODULES = YES;
				CODE_SIGN_IDENTITY = "iPhone Developer";
				INFOPLIST_FILE = "test AVCam/Info.plist";
				IPHONEOS_DEPLOYMENT_TARGET = 7.0;
				LD_RUNPATH_SEARCH_PATHS = "$(inherited) @executable_path/Frameworks";
				PRODUCT_BUNDLE_IDENTIFIER = "org.gewill.test-AVCam7";
				PRODUCT_NAME = "$(TARGET_NAME)";
			};
			name = Release;
		};
/* End XCBuildConfiguration section */

/* Begin XCConfigurationList section */
		BEC4C3FD1CC0ECF400E26905 /* Build configuration list for PBXProject "test AVCam" */ = {
			isa = XCConfigurationList;
			buildConfigurations = (
				BEC4C4121CC0ECF400E26905 /* Debug */,
				BEC4C4131CC0ECF400E26905 /* Release */,
			);
			defaultConfigurationIsVisible = 0;
			defaultConfigurationName = Release;
		};
		BEC4C4141CC0ECF400E26905 /* Build configuration list for PBXNativeTarget "test AVCam" */ = {
			isa = XCConfigurationList;
			buildConfigurations = (
				BEC4C4151CC0ECF400E26905 /* Debug */,
				BEC4C4161CC0ECF400E26905 /* Release */,
			);
			defaultConfigurationIsVisible = 0;
			defaultConfigurationName = Release;
		};
/* End XCConfigurationList section */
	};
	rootObject = BEC4C3FA1CC0ECF400E26905 /* Project object */;
}
