// !$*UTF8*$!
{
	archiveVersion = 1;
	classes = {
	};
	objectVersion = 46;
	objects = {

/* Begin PBXBuildFile section */
		87235B8835A54338825C0E40 /* libPods-test MobileVLCKit.a in Frameworks */ = {isa = PBXBuildFile; fileRef = 89565AEA103843813E40BAAA /* libPods-test MobileVLCKit.a */; };
		BE9188381CDDD3250027DEEF /* AppDelegate.swift in Sources */ = {isa = PBXBuildFile; fileRef = BE9188371CDDD3250027DEEF /* AppDelegate.swift */; };
		BE91883A1CDDD3250027DEEF /* ViewController.swift in Sources */ = {isa = PBXBuildFile; fileRef = BE9188391CDDD3250027DEEF /* ViewController.swift */; };
		BE91883D1CDDD3250027DEEF /* Main.storyboard in Resources */ = {isa = PBXBuildFile; fileRef = BE91883B1CDDD3250027DEEF /* Main.storyboard */; };
		BE91883F1CDDD3250027DEEF /* Assets.xcassets in Resources */ = {isa = PBXBuildFile; fileRef = BE91883E1CDDD3250027DEEF /* Assets.xcassets */; };
		BE9188421CDDD3250027DEEF /* LaunchScreen.storyboard in Resources */ = {isa = PBXBuildFile; fileRef = BE9188401CDDD3250027DEEF /* LaunchScreen.storyboard */; };
/* End PBXBuildFile section */

/* Begin PBXFileReference section */
		6F1423B82635DF7856DA1236 /* Pods-test MobileVLCKit.debug.xcconfig */ = {isa = PBXFileReference; includeInIndex = 1; lastKnownFileType = text.xcconfig; name = "Pods-test MobileVLCKit.debug.xcconfig"; path = "Pods/Target Support Files/Pods-test MobileVLCKit/Pods-test MobileVLCKit.debug.xcconfig"; sourceTree = "<group>"; };
		89565AEA103843813E40BAAA /* libPods-test MobileVLCKit.a */ = {isa = PBXFileReference; explicitFileType = archive.ar; includeInIndex = 0; path = "libPods-test MobileVLCKit.a"; sourceTree = BUILT_PRODUCTS_DIR; };
		AF0BB4EA48AC69150AB6496B /* Pods-test MobileVLCKit.release.xcconfig */ = {isa = PBXFileReference; includeInIndex = 1; lastKnownFileType = text.xcconfig; name = "Pods-test MobileVLCKit.release.xcconfig"; path = "Pods/Target Support Files/Pods-test MobileVLCKit/Pods-test MobileVLCKit.release.xcconfig"; sourceTree = "<group>"; };
		BE9188341CDDD3250027DEEF /* test MobileVLCKit.app */ = {isa = PBXFileReference; explicitFileType = wrapper.application; includeInIndex = 0; path = "test MobileVLCKit.app"; sourceTree = BUILT_PRODUCTS_DIR; };
		BE9188371CDDD3250027DEEF /* AppDelegate.swift */ = {isa = PBXFileReference; lastKnownFileType = sourcecode.swift; path = AppDelegate.swift; sourceTree = "<group>"; };
		BE9188391CDDD3250027DEEF /* ViewController.swift */ = {isa = PBXFileReference; lastKnownFileType = sourcecode.swift; path = ViewController.swift; sourceTree = "<group>"; };
		BE91883C1CDDD3250027DEEF /* Base */ = {isa = PBXFileReference; lastKnownFileType = file.storyboard; name = Base; path = Base.lproj/Main.storyboard; sourceTree = "<group>"; };
		BE91883E1CDDD3250027DEEF /* Assets.xcassets */ = {isa = PBXFileReference; lastKnownFileType = folder.assetcatalog; path = Assets.xcassets; sourceTree = "<group>"; };
		BE9188411CDDD3250027DEEF /* Base */ = {isa = PBXFileReference; lastKnownFileType = file.storyboard; name = Base; path = Base.lproj/LaunchScreen.storyboard; sourceTree = "<group>"; };
		BE9188431CDDD3250027DEEF /* Info.plist */ = {isa = PBXFileReference; lastKnownFileType = text.plist.xml; path = Info.plist; sourceTree = "<group>"; };
		BE91884A1CDDD99A0027DEEF /* Bridging-Header.h */ = {isa = PBXFileReference; lastKnownFileType = sourcecode.c.h; path = "Bridging-Header.h"; sourceTree = "<group>"; };
/* End PBXFileReference section */

/* Begin PBXFrameworksBuildPhase section */
		BE9188311CDDD3250027DEEF /* Frameworks */ = {
			isa = PBXFrameworksBuildPhase;
			buildActionMask = 2147483647;
			files = (
				87235B8835A54338825C0E40 /* libPods-test MobileVLCKit.a in Frameworks */,
			);
			runOnlyForDeploymentPostprocessing = 0;
		};
/* End PBXFrameworksBuildPhase section */

/* Begin PBXGroup section */
		3A6EF69D64ED975FCC90C4D2 /* Pods */ = {
			isa = PBXGroup;
			children = (
				6F1423B82635DF7856DA1236 /* Pods-test MobileVLCKit.debug.xcconfig */,
				AF0BB4EA48AC69150AB6496B /* Pods-test MobileVLCKit.release.xcconfig */,
			);
			name = Pods;
			sourceTree = "<group>";
		};
		80EB86E953D39D8C2095882D /* Frameworks */ = {
			isa = PBXGroup;
			children = (
				89565AEA103843813E40BAAA /* libPods-test MobileVLCKit.a */,
			);
			name = Frameworks;
			sourceTree = "<group>";
		};
		BE91882B1CDDD3250027DEEF = {
			isa = PBXGroup;
			children = (
				BE9188361CDDD3250027DEEF /* test MobileVLCKit */,
				BE9188351CDDD3250027DEEF /* Products */,
				3A6EF69D64ED975FCC90C4D2 /* Pods */,
				80EB86E953D39D8C2095882D /* Frameworks */,
			);
			sourceTree = "<group>";
		};
		BE9188351CDDD3250027DEEF /* Products */ = {
			isa = PBXGroup;
			children = (
				BE9188341CDDD3250027DEEF /* test MobileVLCKit.app */,
			);
			name = Products;
			sourceTree = "<group>";
		};
		BE9188361CDDD3250027DEEF /* test MobileVLCKit */ = {
			isa = PBXGroup;
			children = (
				BE9188371CDDD3250027DEEF /* AppDelegate.swift */,
				BE9188391CDDD3250027DEEF /* ViewController.swift */,
				BE91884A1CDDD99A0027DEEF /* Bridging-Header.h */,
				BE91883B1CDDD3250027DEEF /* Main.storyboard */,
				BE91883E1CDDD3250027DEEF /* Assets.xcassets */,
				BE9188401CDDD3250027DEEF /* LaunchScreen.storyboard */,
				BE9188431CDDD3250027DEEF /* Info.plist */,
			);
			path = "test MobileVLCKit";
			sourceTree = "<group>";
		};
/* End PBXGroup section */

/* Begin PBXNativeTarget section */
		BE9188331CDDD3250027DEEF /* test MobileVLCKit */ = {
			isa = PBXNativeTarget;
			buildConfigurationList = BE9188461CDDD3250027DEEF /* Build configuration list for PBXNativeTarget "test MobileVLCKit" */;
			buildPhases = (
				FA316E63289BA29CD48B7128 /* Check Pods Manifest.lock */,
				BE9188301CDDD3250027DEEF /* Sources */,
				BE9188311CDDD3250027DEEF /* Frameworks */,
				BE9188321CDDD3250027DEEF /* Resources */,
				6AFAF7BD59B1F2F06B4F10D5 /* Embed Pods Frameworks */,
				FD92E7F94577558C08549218 /* Copy Pods Resources */,
			);
			buildRules = (
			);
			dependencies = (
			);
			name = "test MobileVLCKit";
			productName = "test MobileVLCKit";
			productReference = BE9188341CDDD3250027DEEF /* test MobileVLCKit.app */;
			productType = "com.apple.product-type.application";
		};
/* End PBXNativeTarget section */

/* Begin PBXProject section */
		BE91882C1CDDD3250027DEEF /* Project object */ = {
			isa = PBXProject;
			attributes = {
				LastSwiftUpdateCheck = 0730;
				LastUpgradeCheck = 0730;
				ORGANIZATIONNAME = gewill.org;
				TargetAttributes = {
					BE9188331CDDD3250027DEEF = {
						CreatedOnToolsVersion = 7.3.1;
						DevelopmentTeam = RLK76T8Y89;
					};
				};
			};
			buildConfigurationList = BE91882F1CDDD3250027DEEF /* Build configuration list for PBXProject "test MobileVLCKit" */;
			compatibilityVersion = "Xcode 3.2";
			developmentRegion = English;
			hasScannedForEncodings = 0;
			knownRegions = (
				en,
				Base,
			);
			mainGroup = BE91882B1CDDD3250027DEEF;
			productRefGroup = BE9188351CDDD3250027DEEF /* Products */;
			projectDirPath = "";
			projectRoot = "";
			targets = (
				BE9188331CDDD3250027DEEF /* test MobileVLCKit */,
			);
		};
/* End PBXProject section */

/* Begin PBXResourcesBuildPhase section */
		BE9188321CDDD3250027DEEF /* Resources */ = {
			isa = PBXResourcesBuildPhase;
			buildActionMask = 2147483647;
			files = (
				BE9188421CDDD3250027DEEF /* LaunchScreen.storyboard in Resources */,
				BE91883F1CDDD3250027DEEF /* Assets.xcassets in Resources */,
				BE91883D1CDDD3250027DEEF /* Main.storyboard in Resources */,
			);
			runOnlyForDeploymentPostprocessing = 0;
		};
/* End PBXResourcesBuildPhase section */

/* Begin PBXShellScriptBuildPhase section */
		6AFAF7BD59B1F2F06B4F10D5 /* Embed Pods Frameworks */ = {
			isa = PBXShellScriptBuildPhase;
			buildActionMask = 2147483647;
			files = (
			);
			inputPaths = (
			);
			name = "Embed Pods Frameworks";
			outputPaths = (
			);
			runOnlyForDeploymentPostprocessing = 0;
			shellPath = /bin/sh;
			shellScript = "\"${SRCROOT}/Pods/Target Support Files/Pods-test MobileVLCKit/Pods-test MobileVLCKit-frameworks.sh\"\n";
			showEnvVarsInLog = 0;
		};
		FA316E63289BA29CD48B7128 /* Check Pods Manifest.lock */ = {
			isa = PBXShellScriptBuildPhase;
			buildActionMask = 2147483647;
			files = (
			);
			inputPaths = (
			);
			name = "Check Pods Manifest.lock";
			outputPaths = (
			);
			runOnlyForDeploymentPostprocessing = 0;
			shellPath = /bin/sh;
			shellScript = "diff \"${PODS_ROOT}/../Podfile.lock\" \"${PODS_ROOT}/Manifest.lock\" > /dev/null\nif [[ $? != 0 ]] ; then\n    cat << EOM\nerror: The sandbox is not in sync with the Podfile.lock. Run 'pod install' or update your CocoaPods installation.\nEOM\n    exit 1\nfi\n";
			showEnvVarsInLog = 0;
		};
		FD92E7F94577558C08549218 /* Copy Pods Resources */ = {
			isa = PBXShellScriptBuildPhase;
			buildActionMask = 2147483647;
			files = (
			);
			inputPaths = (
			);
			name = "Copy Pods Resources";
			outputPaths = (
			);
			runOnlyForDeploymentPostprocessing = 0;
			shellPath = /bin/sh;
			shellScript = "\"${SRCROOT}/Pods/Target Support Files/Pods-test MobileVLCKit/Pods-test MobileVLCKit-resources.sh\"\n";
			showEnvVarsInLog = 0;
		};
/* End PBXShellScriptBuildPhase section */

/* Begin PBXSourcesBuildPhase section */
		BE9188301CDDD3250027DEEF /* Sources */ = {
			isa = PBXSourcesBuildPhase;
			buildActionMask = 2147483647;
			files = (
				BE91883A1CDDD3250027DEEF /* ViewController.swift in Sources */,
				BE9188381CDDD3250027DEEF /* AppDelegate.swift in Sources */,
			);
			runOnlyForDeploymentPostprocessing = 0;
		};
/* End PBXSourcesBuildPhase section */

/* Begin PBXVariantGroup section */
		BE91883B1CDDD3250027DEEF /* Main.storyboard */ = {
			isa = PBXVariantGroup;
			children = (
				BE91883C1CDDD3250027DEEF /* Base */,
			);
			name = Main.storyboard;
			sourceTree = "<group>";
		};
		BE9188401CDDD3250027DEEF /* LaunchScreen.storyboard */ = {
			isa = PBXVariantGroup;
			children = (
				BE9188411CDDD3250027DEEF /* Base */,
			);
			name = LaunchScreen.storyboard;
			sourceTree = "<group>";
		};
/* End PBXVariantGroup section */

/* Begin XCBuildConfiguration section */
		BE9188441CDDD3250027DEEF /* Debug */ = {
			isa = XCBuildConfiguration;
			buildSettings = {
				ALWAYS_SEARCH_USER_PATHS = NO;
				CLANG_ANALYZER_NONNULL = YES;
				CLANG_CXX_LANGUAGE_STANDARD = "gnu++0x";
				CLANG_CXX_LIBRARY = "libc++";
				CLANG_ENABLE_MODULES = YES;
				CLANG_ENABLE_OBJC_ARC = YES;
				CLANG_WARN_BOOL_CONVERSION = YES;
				CLANG_WARN_CONSTANT_CONVERSION = YES;
				CLANG_WARN_DIRECT_OBJC_ISA_USAGE = YES_ERROR;
				CLANG_WARN_EMPTY_BODY = YES;
				CLANG_WARN_ENUM_CONVERSION = YES;
				CLANG_WARN_INT_CONVERSION = YES;
				CLANG_WARN_OBJC_ROOT_CLASS = YES_ERROR;
				CLANG_WARN_UNREACHABLE_CODE = YES;
				CLANG_WARN__DUPLICATE_METHOD_MATCH = YES;
				"CODE_SIGN_IDENTITY[sdk=iphoneos*]" = "iPhone Developer";
				COPY_PHASE_STRIP = NO;
				DEBUG_INFORMATION_FORMAT = dwarf;
				ENABLE_BITCODE = NO;
				ENABLE_STRICT_OBJC_MSGSEND = YES;
				ENABLE_TESTABILITY = YES;
				GCC_C_LANGUAGE_STANDARD = gnu99;
				GCC_DYNAMIC_NO_PIC = NO;
				GCC_NO_COMMON_BLOCKS = YES;
				GCC_OPTIMIZATION_LEVEL = 0;
				GCC_PREPROCESSOR_DEFINITIONS = (
					"DEBUG=1",
					"$(inherited)",
				);
				GCC_WARN_64_TO_32_BIT_CONVERSION = YES;
				GCC_WARN_ABOUT_RETURN_TYPE = YES_ERROR;
				GCC_WARN_UNDECLARED_SELECTOR = YES;
				GCC_WARN_UNINITIALIZED_AUTOS = YES_AGGRESSIVE;
				GCC_WARN_UNUSED_FUNCTION = YES;
				GCC_WARN_UNUSED_VARIABLE = YES;
				IPHONEOS_DEPLOYMENT_TARGET = 9.3;
				MTL_ENABLE_DEBUG_INFO = YES;
				ONLY_ACTIVE_ARCH = YES;
				SDKROOT = iphoneos;
				SWIFT_OPTIMIZATION_LEVEL = "-Onone";
			};
			name = Debug;
		};
		BE9188451CDDD3250027DEEF /* Release */ = {
			isa = XCBuildConfiguration;
			buildSettings = {
				ALWAYS_SEARCH_USER_PATHS = NO;
				CLANG_ANALYZER_NONNULL = YES;
				CLANG_CXX_LANGUAGE_STANDARD = "gnu++0x";
				CLANG_CXX_LIBRARY = "libc++";
				CLANG_ENABLE_MODULES = YES;
				CLANG_ENABLE_OBJC_ARC = YES;
				CLANG_WARN_BOOL_CONVERSION = YES;
				CLANG_WARN_CONSTANT_CONVERSION = YES;
				CLANG_WARN_DIRECT_OBJC_ISA_USAGE = YES_ERROR;
				CLANG_WARN_EMPTY_BODY = YES;
				CLANG_WARN_ENUM_CONVERSION = YES;
				CLANG_WARN_INT_CONVERSION = YES;
				CLANG_WARN_OBJC_ROOT_CLASS = YES_ERROR;
				CLANG_WARN_UNREACHABLE_CODE = YES;
				CLANG_WARN__DUPLICATE_METHOD_MATCH = YES;
				"CODE_SIGN_IDENTITY[sdk=iphoneos*]" = "iPhone Developer";
				COPY_PHASE_STRIP = NO;
				DEBUG_INFORMATION_FORMAT = "dwarf-with-dsym";
				ENABLE_BITCODE = NO;
				ENABLE_NS_ASSERTIONS = NO;
				ENABLE_STRICT_OBJC_MSGSEND = YES;
				GCC_C_LANGUAGE_STANDARD = gnu99;
				GCC_NO_COMMON_BLOCKS = YES;
				GCC_WARN_64_TO_32_BIT_CONVERSION = YES;
				GCC_WARN_ABOUT_RETURN_TYPE = YES_ERROR;
				GCC_WARN_UNDECLARED_SELECTOR = YES;
				GCC_WARN_UNINITIALIZED_AUTOS = YES_AGGRESSIVE;
				GCC_WARN_UNUSED_FUNCTION = YES;
				GCC_WARN_UNUSED_VARIABLE = YES;
				IPHONEOS_DEPLOYMENT_TARGET = 9.3;
				MTL_ENABLE_DEBUG_INFO = NO;
				SDKROOT = iphoneos;
				VALIDATE_PRODUCT = YES;
			};
			name = Release;
		};
		BE9188471CDDD3250027DEEF /* Debug */ = {
			isa = XCBuildConfiguration;
			baseConfigurationReference = 6F1423B82635DF7856DA1236 /* Pods-test MobileVLCKit.debug.xcconfig */;
			buildSettings = {
				ASSETCATALOG_COMPILER_APPICON_NAME = AppIcon;
				CODE_SIGN_IDENTITY = "iPhone Developer";
				INFOPLIST_FILE = "test MobileVLCKit/Info.plist";
				LD_RUNPATH_SEARCH_PATHS = "$(inherited) @executable_path/Frameworks";
				PRODUCT_BUNDLE_IDENTIFIER = "org.gewill.test-MobileVLCKit";
				PRODUCT_NAME = "$(TARGET_NAME)";
				SWIFT_OBJC_BRIDGING_HEADER = "test\\ MobileVLCKit/Bridging-Header.h";
			};
			name = Debug;
		};
		BE9188481CDDD3250027DEEF /* Release */ = {
			isa = XCBuildConfiguration;
			baseConfigurationReference = AF0BB4EA48AC69150AB6496B /* Pods-test MobileVLCKit.release.xcconfig */;
			buildSettings = {
				ASSETCATALOG_COMPILER_APPICON_NAME = AppIcon;
				CODE_SIGN_IDENTITY = "iPhone Developer";
				INFOPLIST_FILE = "test MobileVLCKit/Info.plist";
				LD_RUNPATH_SEARCH_PATHS = "$(inherited) @executable_path/Frameworks";
				PRODUCT_BUNDLE_IDENTIFIER = "org.gewill.test-MobileVLCKit";
				PRODUCT_NAME = "$(TARGET_NAME)";
				SWIFT_OBJC_BRIDGING_HEADER = "test\\ MobileVLCKit/Bridging-Header.h";
			};
			name = Release;
		};
/* End XCBuildConfiguration section */

/* Begin XCConfigurationList section */
		BE91882F1CDDD3250027DEEF /* Build configuration list for PBXProject "test MobileVLCKit" */ = {
			isa = XCConfigurationList;
			buildConfigurations = (
				BE9188441CDDD3250027DEEF /* Debug */,
				BE9188451CDDD3250027DEEF /* Release */,
			);
			defaultConfigurationIsVisible = 0;
			defaultConfigurationName = Release;
		};
		BE9188461CDDD3250027DEEF /* Build configuration list for PBXNativeTarget "test MobileVLCKit" */ = {
			isa = XCConfigurationList;
			buildConfigurations = (
				BE9188471CDDD3250027DEEF /* Debug */,
				BE9188481CDDD3250027DEEF /* Release */,
			);
			defaultConfigurationIsVisible = 0;
			defaultConfigurationName = Release;
		};
/* End XCConfigurationList section */
	};
	rootObject = BE91882C1CDDD3250027DEEF /* Project object */;
}
