// !$*UTF8*$!
{
	archiveVersion = 1;
	classes = {
	};
	objectVersion = 46;
	objects = {

/* Begin PBXBuildFile section */
		BE2FC5031C9C245D006BEC61 /* main.m in Sources */ = {isa = PBXBuildFile; fileRef = BE2FC5021C9C245D006BEC61 /* main.m */; };
		BE2FC5061C9C245D006BEC61 /* AppDelegate.m in Sources */ = {isa = PBXBuildFile; fileRef = BE2FC5051C9C245D006BEC61 /* AppDelegate.m */; };
		BE2FC5091C9C245D006BEC61 /* ViewController.m in Sources */ = {isa = PBXBuildFile; fileRef = BE2FC5081C9C245D006BEC61 /* ViewController.m */; };
		BE2FC50C1C9C245D006BEC61 /* Main.storyboard in Resources */ = {isa = PBXBuildFile; fileRef = BE2FC50A1C9C245D006BEC61 /* Main.storyboard */; };
		BE2FC50E1C9C245D006BEC61 /* Assets.xcassets in Resources */ = {isa = PBXBuildFile; fileRef = BE2FC50D1C9C245D006BEC61 /* Assets.xcassets */; };
		BE2FC5111C9C245D006BEC61 /* LaunchScreen.storyboard in Resources */ = {isa = PBXBuildFile; fileRef = BE2FC50F1C9C245D006BEC61 /* LaunchScreen.storyboard */; };
/* End PBXBuildFile section */

/* Begin PBXFileReference section */
		BE2FC4FE1C9C245D006BEC61 /* test.app */ = {isa = PBXFileReference; explicitFileType = wrapper.application; includeInIndex = 0; path = test.app; sourceTree = BUILT_PRODUCTS_DIR; };
		BE2FC5021C9C245D006BEC61 /* main.m */ = {isa = PBXFileReference; lastKnownFileType = sourcecode.c.objc; path = main.m; sourceTree = "<group>"; };
		BE2FC5041C9C245D006BEC61 /* AppDelegate.h */ = {isa = PBXFileReference; lastKnownFileType = sourcecode.c.h; path = AppDelegate.h; sourceTree = "<group>"; };
		BE2FC5051C9C245D006BEC61 /* AppDelegate.m */ = {isa = PBXFileReference; lastKnownFileType = sourcecode.c.objc; path = AppDelegate.m; sourceTree = "<group>"; };
		BE2FC5071C9C245D006BEC61 /* ViewController.h */ = {isa = PBXFileReference; lastKnownFileType = sourcecode.c.h; path = ViewController.h; sourceTree = "<group>"; };
		BE2FC5081C9C245D006BEC61 /* ViewController.m */ = {isa = PBXFileReference; lastKnownFileType = sourcecode.c.objc; path = ViewController.m; sourceTree = "<group>"; };
		BE2FC50B1C9C245D006BEC61 /* Base */ = {isa = PBXFileReference; lastKnownFileType = file.storyboard; name = Base; path = Base.lproj/Main.storyboard; sourceTree = "<group>"; };
		BE2FC50D1C9C245D006BEC61 /* Assets.xcassets */ = {isa = PBXFileReference; lastKnownFileType = folder.assetcatalog; path = Assets.xcassets; sourceTree = "<group>"; };
		BE2FC5101C9C245D006BEC61 /* Base */ = {isa = PBXFileReference; lastKnownFileType = file.storyboard; name = Base; path = Base.lproj/LaunchScreen.storyboard; sourceTree = "<group>"; };
		BE2FC5121C9C245D006BEC61 /* Info.plist */ = {isa = PBXFileReference; lastKnownFileType = text.plist.xml; path = Info.plist; sourceTree = "<group>"; };
/* End PBXFileReference section */

/* Begin PBXFrameworksBuildPhase section */
		BE2FC4FB1C9C245D006BEC61 /* Frameworks */ = {
			isa = PBXFrameworksBuildPhase;
			buildActionMask = 2147483647;
			files = (
			);
			runOnlyForDeploymentPostprocessing = 0;
		};
/* End PBXFrameworksBuildPhase section */

/* Begin PBXGroup section */
		BE2FC4F51C9C245D006BEC61 = {
			isa = PBXGroup;
			children = (
				BE2FC5001C9C245D006BEC61 /* test */,
				BE2FC4FF1C9C245D006BEC61 /* Products */,
			);
			sourceTree = "<group>";
		};
		BE2FC4FF1C9C245D006BEC61 /* Products */ = {
			isa = PBXGroup;
			children = (
				BE2FC4FE1C9C245D006BEC61 /* test.app */,
			);
			name = Products;
			sourceTree = "<group>";
		};
		BE2FC5001C9C245D006BEC61 /* test */ = {
			isa = PBXGroup;
			children = (
				BE2FC5041C9C245D006BEC61 /* AppDelegate.h */,
				BE2FC5051C9C245D006BEC61 /* AppDelegate.m */,
				BE2FC5071C9C245D006BEC61 /* ViewController.h */,
				BE2FC5081C9C245D006BEC61 /* ViewController.m */,
				BE2FC50A1C9C245D006BEC61 /* Main.storyboard */,
				BE2FC50D1C9C245D006BEC61 /* Assets.xcassets */,
				BE2FC50F1C9C245D006BEC61 /* LaunchScreen.storyboard */,
				BE2FC5121C9C245D006BEC61 /* Info.plist */,
				BE2FC5011C9C245D006BEC61 /* Supporting Files */,
			);
			path = test;
			sourceTree = "<group>";
		};
		BE2FC5011C9C245D006BEC61 /* Supporting Files */ = {
			isa = PBXGroup;
			children = (
				BE2FC5021C9C245D006BEC61 /* main.m */,
			);
			name = "Supporting Files";
			sourceTree = "<group>";
		};
/* End PBXGroup section */

/* Begin PBXNativeTarget section */
		BE2FC4FD1C9C245D006BEC61 /* test */ = {
			isa = PBXNativeTarget;
			buildConfigurationList = BE2FC5151C9C245D006BEC61 /* Build configuration list for PBXNativeTarget "test" */;
			buildPhases = (
				BE2FC4FA1C9C245D006BEC61 /* Sources */,
				BE2FC4FB1C9C245D006BEC61 /* Frameworks */,
				BE2FC4FC1C9C245D006BEC61 /* Resources */,
			);
			buildRules = (
			);
			dependencies = (
			);
			name = test;
			productName = test;
			productReference = BE2FC4FE1C9C245D006BEC61 /* test.app */;
			productType = "com.apple.product-type.application";
		};
/* End PBXNativeTarget section */

/* Begin PBXProject section */
		BE2FC4F61C9C245D006BEC61 /* Project object */ = {
			isa = PBXProject;
			attributes = {
				LastUpgradeCheck = 0720;
				ORGANIZATIONNAME = gewill.org;
				TargetAttributes = {
					BE2FC4FD1C9C245D006BEC61 = {
						CreatedOnToolsVersion = 7.2.1;
					};
				};
			};
			buildConfigurationList = BE2FC4F91C9C245D006BEC61 /* Build configuration list for PBXProject "test " */;
			compatibilityVersion = "Xcode 3.2";
			developmentRegion = English;
			hasScannedForEncodings = 0;
			knownRegions = (
				en,
				Base,
			);
			mainGroup = BE2FC4F51C9C245D006BEC61;
			productRefGroup = BE2FC4FF1C9C245D006BEC61 /* Products */;
			projectDirPath = "";
			projectRoot = "";
			targets = (
				BE2FC4FD1C9C245D006BEC61 /* test */,
			);
		};
/* End PBXProject section */

/* Begin PBXResourcesBuildPhase section */
		BE2FC4FC1C9C245D006BEC61 /* Resources */ = {
			isa = PBXResourcesBuildPhase;
			buildActionMask = 2147483647;
			files = (
				BE2FC5111C9C245D006BEC61 /* LaunchScreen.storyboard in Resources */,
				BE2FC50E1C9C245D006BEC61 /* Assets.xcassets in Resources */,
				BE2FC50C1C9C245D006BEC61 /* Main.storyboard in Resources */,
			);
			runOnlyForDeploymentPostprocessing = 0;
		};
/* End PBXResourcesBuildPhase section */

/* Begin PBXSourcesBuildPhase section */
		BE2FC4FA1C9C245D006BEC61 /* Sources */ = {
			isa = PBXSourcesBuildPhase;
			buildActionMask = 2147483647;
			files = (
				BE2FC5091C9C245D006BEC61 /* ViewController.m in Sources */,
				BE2FC5061C9C245D006BEC61 /* AppDelegate.m in Sources */,
				BE2FC5031C9C245D006BEC61 /* main.m in Sources */,
			);
			runOnlyForDeploymentPostprocessing = 0;
		};
/* End PBXSourcesBuildPhase section */

/* Begin PBXVariantGroup section */
		BE2FC50A1C9C245D006BEC61 /* Main.storyboard */ = {
			isa = PBXVariantGroup;
			children = (
				BE2FC50B1C9C245D006BEC61 /* Base */,
			);
			name = Main.storyboard;
			sourceTree = "<group>";
		};
		BE2FC50F1C9C245D006BEC61 /* LaunchScreen.storyboard */ = {
			isa = PBXVariantGroup;
			children = (
				BE2FC5101C9C245D006BEC61 /* Base */,
			);
			name = LaunchScreen.storyboard;
			sourceTree = "<group>";
		};
/* End PBXVariantGroup section */

/* Begin XCBuildConfiguration section */
		BE2FC5131C9C245D006BEC61 /* Debug */ = {
			isa = XCBuildConfiguration;
			buildSettings = {
				ALWAYS_SEARCH_USER_PATHS = NO;
				CLANG_CXX_LANGUAGE_STANDARD = "gnu++0x";
				CLANG_CXX_LIBRARY = "libc++";
				CLANG_ENABLE_MODULES = YES;
				CLANG_ENABLE_OBJC_ARC = YES;
				CLANG_WARN_BOOL_CONVERSION = YES;
				CLANG_WARN_CONSTANT_CONVERSION = YES;
				CLANG_WARN_DIRECT_OBJC_ISA_USAGE = YES_ERROR;
				CLANG_WARN_EMPTY_BODY = YES;
				CLANG_WARN_ENUM_CONVERSION = YES;
				CLANG_WARN_INT_CONVERSION = YES;
				CLANG_WARN_OBJC_ROOT_CLASS = YES_ERROR;
				CLANG_WARN_UNREACHABLE_CODE = YES;
				CLANG_WARN__DUPLICATE_METHOD_MATCH = YES;
				"CODE_SIGN_IDENTITY[sdk=iphoneos*]" = "iPhone Developer";
				COPY_PHASE_STRIP = NO;
				DEBUG_INFORMATION_FORMAT = dwarf;
				ENABLE_STRICT_OBJC_MSGSEND = YES;
				ENABLE_TESTABILITY = YES;
				GCC_C_LANGUAGE_STANDARD = gnu99;
				GCC_DYNAMIC_NO_PIC = NO;
				GCC_NO_COMMON_BLOCKS = YES;
				GCC_OPTIMIZATION_LEVEL = 0;
				GCC_PREPROCESSOR_DEFINITIONS = (
					"DEBUG=1",
					"$(inherited)",
				);
				GCC_WARN_64_TO_32_BIT_CONVERSION = YES;
				GCC_WARN_ABOUT_RETURN_TYPE = YES_ERROR;
				GCC_WARN_UNDECLARED_SELECTOR = YES;
				GCC_WARN_UNINITIALIZED_AUTOS = YES_AGGRESSIVE;
				GCC_WARN_UNUSED_FUNCTION = YES;
				GCC_WARN_UNUSED_VARIABLE = YES;
				IPHONEOS_DEPLOYMENT_TARGET = 9.2;
				MTL_ENABLE_DEBUG_INFO = YES;
				ONLY_ACTIVE_ARCH = YES;
				SDKROOT = iphoneos;
				TARGETED_DEVICE_FAMILY = "1,2";
			};
			name = Debug;
		};
		BE2FC5141C9C245D006BEC61 /* Release */ = {
			isa = XCBuildConfiguration;
			buildSettings = {
				ALWAYS_SEARCH_USER_PATHS = NO;
				CLANG_CXX_LANGUAGE_STANDARD = "gnu++0x";
				CLANG_CXX_LIBRARY = "libc++";
				CLANG_ENABLE_MODULES = YES;
				CLANG_ENABLE_OBJC_ARC = YES;
				CLANG_WARN_BOOL_CONVERSION = YES;
				CLANG_WARN_CONSTANT_CONVERSION = YES;
				CLANG_WARN_DIRECT_OBJC_ISA_USAGE = YES_ERROR;
				CLANG_WARN_EMPTY_BODY = YES;
				CLANG_WARN_ENUM_CONVERSION = YES;
				CLANG_WARN_INT_CONVERSION = YES;
				CLANG_WARN_OBJC_ROOT_CLASS = YES_ERROR;
				CLANG_WARN_UNREACHABLE_CODE = YES;
				CLANG_WARN__DUPLICATE_METHOD_MATCH = YES;
				"CODE_SIGN_IDENTITY[sdk=iphoneos*]" = "iPhone Developer";
				COPY_PHASE_STRIP = NO;
				DEBUG_INFORMATION_FORMAT = "dwarf-with-dsym";
				ENABLE_NS_ASSERTIONS = NO;
				ENABLE_STRICT_OBJC_MSGSEND = YES;
				GCC_C_LANGUAGE_STANDARD = gnu99;
				GCC_NO_COMMON_BLOCKS = YES;
				GCC_WARN_64_TO_32_BIT_CONVERSION = YES;
				GCC_WARN_ABOUT_RETURN_TYPE = YES_ERROR;
				GCC_WARN_UNDECLARED_SELECTOR = YES;
				GCC_WARN_UNINITIALIZED_AUTOS = YES_AGGRESSIVE;
				GCC_WARN_UNUSED_FUNCTION = YES;
				GCC_WARN_UNUSED_VARIABLE = YES;
				IPHONEOS_DEPLOYMENT_TARGET = 9.2;
				MTL_ENABLE_DEBUG_INFO = NO;
				SDKROOT = iphoneos;
				TARGETED_DEVICE_FAMILY = "1,2";
				VALIDATE_PRODUCT = YES;
			};
			name = Release;
		};
		BE2FC5161C9C245D006BEC61 /* Debug */ = {
			isa = XCBuildConfiguration;
			buildSettings = {
				ASSETCATALOG_COMPILER_APPICON_NAME = AppIcon;
				INFOPLIST_FILE = test/Info.plist;
				LD_RUNPATH_SEARCH_PATHS = "$(inherited) @executable_path/Frameworks";
				PRODUCT_BUNDLE_IDENTIFIER = org.gewill.test;
				PRODUCT_NAME = "$(TARGET_NAME)";
			};
			name = Debug;
		};
		BE2FC5171C9C245D006BEC61 /* Release */ = {
			isa = XCBuildConfiguration;
			buildSettings = {
				ASSETCATALOG_COMPILER_APPICON_NAME = AppIcon;
				INFOPLIST_FILE = test/Info.plist;
				LD_RUNPATH_SEARCH_PATHS = "$(inherited) @executable_path/Frameworks";
				PRODUCT_BUNDLE_IDENTIFIER = org.gewill.test;
				PRODUCT_NAME = "$(TARGET_NAME)";
			};
			name = Release;
		};
/* End XCBuildConfiguration section */

/* Begin XCConfigurationList section */
		BE2FC4F91C9C245D006BEC61 /* Build configuration list for PBXProject "test " */ = {
			isa = XCConfigurationList;
			buildConfigurations = (
				BE2FC5131C9C245D006BEC61 /* Debug */,
				BE2FC5141C9C245D006BEC61 /* Release */,
			);
			defaultConfigurationIsVisible = 0;
			defaultConfigurationName = Release;
		};
		BE2FC5151C9C245D006BEC61 /* Build configuration list for PBXNativeTarget "test" */ = {
			isa = XCConfigurationList;
			buildConfigurations = (
				BE2FC5161C9C245D006BEC61 /* Debug */,
				BE2FC5171C9C245D006BEC61 /* Release */,
			);
			defaultConfigurationIsVisible = 0;
		};
/* End XCConfigurationList section */
	};
	rootObject = BE2FC4F61C9C245D006BEC61 /* Project object */;
}
